PODS:
  - MBToolbox (1.1.7):
    - MBToolbox/Assert (= 1.1.7)
    - MBToolbox/Availability (= 1.1.7)
    - MBToolbox/BatteryMonitor (= 1.1.7)
    - MBToolbox/BitmapPixelPlane (= 1.1.7)
    - MBToolbox/BuildControl (= 1.1.7)
    - MBToolbox/Common (= 1.1.7)
    - MBToolbox/ConcurrentReadWriteCoordinator (= 1.1.7)
    - MBToolbox/Debug (= 1.1.7)
    - MBToolbox/Events (= 1.1.7)
    - MBToolbox/FieldListFormatter (= 1.1.7)
    - MBToolbox/FilesystemCache (= 1.1.7)
    - MBToolbox/FilesystemOperations (= 1.1.7)
    - MBToolbox/FormattedDescriptionObject (= 1.1.7)
    - MBToolbox/ImageScaling-UIImage (= 1.1.7)
    - MBToolbox/Indentation-NSString (= 1.1.7)
    - MBToolbox/MBToolbox-NSError (= 1.1.7)
    - MBToolbox/MBToolbox-UIColor (= 1.1.7)
    - MBToolbox/MessageDigest (= 1.1.7)
    - MBToolbox/MessageDigest-Extensions (= 1.1.7)
    - MBToolbox/MessageDigest-NSData (= 1.1.7)
    - MBToolbox/MessageDigest-NSString (= 1.1.7)
    - MBToolbox/Module (= 1.1.7)
    - MBToolbox/NetworkIndicator (= 1.1.7)
    - MBToolbox/NetworkMonitor (= 1.1.7)
    - MBToolbox/OperationQueue (= 1.1.7)
    - MBToolbox/Regex-NSString (= 1.1.7)
    - MBToolbox/RegexCache (= 1.1.7)
    - MBToolbox/RoundedRectTools (= 1.1.7)
    - MBToolbox/Runtime (= 1.1.7)
    - MBToolbox/ServiceManager (= 1.1.7)
    - MBToolbox/Singleton (= 1.1.7)
    - MBToolbox/SnapshotImage-UIView (= 1.1.7)
    - MBToolbox/StringConversions-NSData (= 1.1.7)
    - MBToolbox/StringFunctions (= 1.1.7)
    - MBToolbox/StringSizing-UIFont (= 1.1.7)
    - MBToolbox/ThreadLocalStorage (= 1.1.7)
    - MBToolbox/ThreadsafeCache (= 1.1.7)
  - MBToolbox/Assert (1.1.7)
  - MBToolbox/Availability (1.1.7)
  - MBToolbox/BatteryMonitor (1.1.7):
    - MBToolbox/Events
    - MBToolbox/ServiceManager
  - MBToolbox/BitmapPixelPlane (1.1.7):
    - MBToolbox/Module
  - MBToolbox/BuildControl (1.1.7)
  - MBToolbox/Common (1.1.7):
    - MBToolbox/Assert
    - MBToolbox/Availability
    - MBToolbox/Debug
    - MBToolbox/Runtime
  - MBToolbox/ConcurrentReadWriteCoordinator (1.1.7)
  - MBToolbox/Debug (1.1.7)
  - MBToolbox/Events (1.1.7):
    - MBToolbox/Module
  - MBToolbox/FieldListFormatter (1.1.7):
    - MBToolbox/Module
  - MBToolbox/FilesystemCache (1.1.7):
    - MBToolbox/FilesystemOperations
    - MBToolbox/MessageDigest-NSString
    - MBToolbox/ThreadsafeCache
  - MBToolbox/FilesystemOperations (1.1.7):
    - MBToolbox/OperationQueue
    - MBToolbox/Singleton
  - MBToolbox/FormattedDescriptionObject (1.1.7):
    - MBToolbox/FieldListFormatter
  - MBToolbox/ImageScaling-UIImage (1.1.7):
    - MBToolbox/Module
  - MBToolbox/Indentation-NSString (1.1.7)
  - MBToolbox/MBToolbox-NSError (1.1.7):
    - MBToolbox/Module
  - MBToolbox/MBToolbox-UIColor (1.1.7):
    - MBToolbox/Module
  - MBToolbox/MessageDigest (1.1.7):
    - MBToolbox/MBToolbox-NSError
    - MBToolbox/Module
  - MBToolbox/MessageDigest-Extensions (1.1.7):
    - MBToolbox/MessageDigest-NSData
    - MBToolbox/MessageDigest-NSString
  - MBToolbox/MessageDigest-NSData (1.1.7):
    - MBToolbox/MessageDigest
  - MBToolbox/MessageDigest-NSString (1.1.7):
    - MBToolbox/MessageDigest
  - MBToolbox/Module (1.1.7):
    - MBToolbox/ConcurrentReadWriteCoordinator
    - MBToolbox/Indentation-NSString
    - MBToolbox/Singleton
  - MBToolbox/NetworkIndicator (1.1.7):
    - MBToolbox/Events
    - MBToolbox/Singleton
  - MBToolbox/NetworkMonitor (1.1.7):
    - MBToolbox/Events
    - MBToolbox/ServiceManager
  - MBToolbox/OperationQueue (1.1.7):
    - MBToolbox/MBToolbox-NSError
  - MBToolbox/Regex-NSString (1.1.7):
    - MBToolbox/RegexCache
  - MBToolbox/RegexCache (1.1.7):
    - MBToolbox/MBToolbox-NSError
    - MBToolbox/Singleton
    - MBToolbox/ThreadsafeCache
  - MBToolbox/RoundedRectTools (1.1.7):
    - MBToolbox/Module
  - MBToolbox/Runtime (1.1.7)
  - MBToolbox/ServiceManager (1.1.7):
    - MBToolbox/Module
    - MBToolbox/Singleton
  - MBToolbox/Singleton (1.1.7):
    - MBToolbox/Common
  - MBToolbox/SnapshotImage-UIView (1.1.7):
    - MBToolbox/Module
  - MBToolbox/StringConversions-NSData (1.1.7):
    - MBToolbox/Module
  - MBToolbox/StringFunctions (1.1.7):
    - MBToolbox/Common
  - MBToolbox/StringSizing-UIFont (1.1.7):
    - MBToolbox/Module
  - MBToolbox/ThreadLocalStorage (1.1.7):
    - MBToolbox/Module
  - MBToolbox/ThreadsafeCache (1.1.7):
    - MBToolbox/Module
  - RaptureXML@Gilt (1.0.10)

DEPENDENCIES:
  - MBToolbox (~> 1.1.7)
  - RaptureXML@Gilt (~> 1.0.10)

SPEC CHECKSUMS:
  MBToolbox: 9b35f5b67ff568b59e0aae6439f5b7b50a7db099
  RaptureXML@Gilt: 371256a41b52001734365ef7149ed83303c59b19

COCOAPODS: 0.39.0
