PODS:
  - MBToolbox (1.0.20):
    - MBToolbox/Assert (= 1.0.20)
    - MBToolbox/BatteryMonitor (= 1.0.20)
    - MBToolbox/BitmapPixelPlane (= 1.0.20)
    - MBToolbox/BuildControl (= 1.0.20)
    - MBToolbox/ColorTools (= 1.0.20)
    - MBToolbox/Common (= 1.0.20)
    - MBToolbox/ConcurrentReadWriteCoordinator (= 1.0.20)
    - MBToolbox/Debug (= 1.0.20)
    - MBToolbox/Events (= 1.0.20)
    - MBToolbox/FieldListFormatter (= 1.0.20)
    - MBToolbox/FilesystemCache (= 1.0.20)
    - MBToolbox/FilesystemOperations (= 1.0.20)
    - MBToolbox/FormattedDescriptionObject (= 1.0.20)
    - MBToolbox/ImageScaling-UIImage (= 1.0.20)
    - MBToolbox/Indentation-NSString (= 1.0.20)
    - MBToolbox/MBToolbox-NSError (= 1.0.20)
    - MBToolbox/MBToolbox-UIColor (= 1.0.20)
    - MBToolbox/MessageDigest (= 1.0.20)
    - MBToolbox/MessageDigest-Extensions (= 1.0.20)
    - MBToolbox/MessageDigest-NSData (= 1.0.20)
    - MBToolbox/MessageDigest-NSString (= 1.0.20)
    - MBToolbox/Module (= 1.0.20)
    - MBToolbox/NetworkIndicator (= 1.0.20)
    - MBToolbox/NetworkMonitor (= 1.0.20)
    - MBToolbox/OperationQueue (= 1.0.20)
    - MBToolbox/Regex-NSString (= 1.0.20)
    - MBToolbox/RegexCache (= 1.0.20)
    - MBToolbox/RoundedRectTools (= 1.0.20)
    - MBToolbox/Runtime (= 1.0.20)
    - MBToolbox/ServiceManager (= 1.0.20)
    - MBToolbox/Singleton (= 1.0.20)
    - MBToolbox/SnapshotImage-UIView (= 1.0.20)
    - MBToolbox/StringConversions-NSData (= 1.0.20)
    - MBToolbox/StringFunctions (= 1.0.20)
    - MBToolbox/StringSizing-UIFont (= 1.0.20)
    - MBToolbox/ThreadLocalStorage (= 1.0.20)
    - MBToolbox/ThreadsafeCache (= 1.0.20)
  - MBToolbox/Assert (1.0.20)
  - MBToolbox/BatteryMonitor (1.0.20):
    - MBToolbox/Events
    - MBToolbox/ServiceManager
  - MBToolbox/BitmapPixelPlane (1.0.20):
    - MBToolbox/Common
  - MBToolbox/BuildControl (1.0.20)
  - MBToolbox/ColorTools (1.0.20)
  - MBToolbox/Common (1.0.20):
    - MBToolbox/Assert
    - MBToolbox/Debug
    - MBToolbox/Runtime
  - MBToolbox/ConcurrentReadWriteCoordinator (1.0.20):
    - MBToolbox/Common
  - MBToolbox/Debug (1.0.20)
  - MBToolbox/Events (1.0.20):
    - MBToolbox/Common
  - MBToolbox/FieldListFormatter (1.0.20):
    - MBToolbox/Common
  - MBToolbox/FilesystemCache (1.0.20):
    - MBToolbox/FilesystemOperations
    - MBToolbox/MessageDigest-NSString
    - MBToolbox/ThreadsafeCache
  - MBToolbox/FilesystemOperations (1.0.20):
    - MBToolbox/OperationQueue
    - MBToolbox/Singleton
  - MBToolbox/FormattedDescriptionObject (1.0.20):
    - MBToolbox/FieldListFormatter
  - MBToolbox/ImageScaling-UIImage (1.0.20):
    - MBToolbox/Common
  - MBToolbox/Indentation-NSString (1.0.20):
    - MBToolbox/Common
  - MBToolbox/MBToolbox-NSError (1.0.20):
    - MBToolbox/Common
  - MBToolbox/MBToolbox-UIColor (1.0.20):
    - MBToolbox/Common
  - MBToolbox/MessageDigest (1.0.20):
    - MBToolbox/MBToolbox-NSError
  - MBToolbox/MessageDigest-Extensions (1.0.20):
    - MBToolbox/MessageDigest-NSData
    - MBToolbox/MessageDigest-NSString
  - MBToolbox/MessageDigest-NSData (1.0.20):
    - MBToolbox/MessageDigest
  - MBToolbox/MessageDigest-NSString (1.0.20):
    - MBToolbox/MessageDigest
  - MBToolbox/Module (1.0.20):
    - MBToolbox/Indentation-NSString
    - MBToolbox/Singleton
    - MBToolbox/ThreadLocalStorage
  - MBToolbox/NetworkIndicator (1.0.20):
    - MBToolbox/Events
    - MBToolbox/Singleton
  - MBToolbox/NetworkMonitor (1.0.20):
    - MBToolbox/Events
    - MBToolbox/ServiceManager
  - MBToolbox/OperationQueue (1.0.20):
    - MBToolbox/MBToolbox-NSError
  - MBToolbox/Regex-NSString (1.0.20):
    - MBToolbox/RegexCache
  - MBToolbox/RegexCache (1.0.20):
    - MBToolbox/Singleton
    - MBToolbox/ThreadsafeCache
  - MBToolbox/RoundedRectTools (1.0.20):
    - MBToolbox/Common
  - MBToolbox/Runtime (1.0.20)
  - MBToolbox/ServiceManager (1.0.20):
    - MBToolbox/Singleton
  - MBToolbox/Singleton (1.0.20):
    - MBToolbox/Common
  - MBToolbox/SnapshotImage-UIView (1.0.20):
    - MBToolbox/Common
  - MBToolbox/StringConversions-NSData (1.0.20):
    - MBToolbox/Common
  - MBToolbox/StringFunctions (1.0.20):
    - MBToolbox/Common
  - MBToolbox/StringSizing-UIFont (1.0.20):
    - MBToolbox/Common
  - MBToolbox/ThreadLocalStorage (1.0.20):
    - MBToolbox/Common
  - MBToolbox/ThreadsafeCache (1.0.20):
    - MBToolbox/Common
  - RaptureXML@Gilt (1.0.3)

DEPENDENCIES:
  - MBToolbox (~> 1.0.20)
  - RaptureXML@Gilt (~> 1.0.3)

SPEC CHECKSUMS:
  MBToolbox: 7371750073e66d1f1bbf0759740ade84bb08e866
  RaptureXML@Gilt: 35d1ec1b0459e37e2a6cff1d401d472e4ccbde30

COCOAPODS: 0.35.0
