<?xml version="1.0" encoding="UTF-8"?>
<!DOCTYPE plist PUBLIC "-//Apple//DTD PLIST 1.0//EN" "http://www.apple.com/DTDs/PropertyList-1.0.dtd">
<plist version="1.0">
<dict>
	<key>archiveVersion</key>
	<string>1</string>
	<key>classes</key>
	<dict/>
	<key>objectVersion</key>
	<string>46</string>
	<key>objects</key>
	<dict>
		<key>1131BDAE7C4A417198CCB31C</key>
		<dict>
			<key>buildActionMask</key>
			<string>2147483647</string>
			<key>files</key>
			<array/>
			<key>inputPaths</key>
			<array/>
			<key>isa</key>
			<string>PBXShellScriptBuildPhase</string>
			<key>name</key>
			<string>Check Pods Manifest.lock</string>
			<key>outputPaths</key>
			<array/>
			<key>runOnlyForDeploymentPostprocessing</key>
			<string>0</string>
			<key>shellPath</key>
			<string>/bin/sh</string>
			<key>shellScript</key>
			<string>diff "${PODS_ROOT}/../Podfile.lock" "${PODS_ROOT}/Manifest.lock" &gt; /dev/null
if [[ $? != 0 ]] ; then
    cat &lt;&lt; EOM
error: The sandbox is not in sync with the Podfile.lock. Run 'pod install' or update your CocoaPods installation.
EOM
    exit 1
fi
</string>
			<key>showEnvVarsInLog</key>
			<string>0</string>
		</dict>
		<key>1BFAC2BAA53D7391E67F450D</key>
		<dict>
			<key>children</key>
			<array>
				<string>38E3065063027DCB078CF78A</string>
				<string>A05207EBD318D61DBCA7396F</string>
			</array>
			<key>isa</key>
			<string>PBXGroup</string>
			<key>name</key>
			<string>Pods</string>
			<key>sourceTree</key>
			<string>&lt;group&gt;</string>
		</dict>
		<key>2E4245E8C0D94E29BD2A0DCD</key>
		<dict>
			<key>buildActionMask</key>
			<string>2147483647</string>
			<key>files</key>
			<array/>
			<key>inputPaths</key>
			<array/>
			<key>isa</key>
			<string>PBXShellScriptBuildPhase</string>
			<key>name</key>
			<string>Copy Pods Resources</string>
			<key>outputPaths</key>
			<array/>
			<key>runOnlyForDeploymentPostprocessing</key>
			<string>0</string>
			<key>shellPath</key>
			<string>/bin/sh</string>
			<key>shellScript</key>
			<string>"${SRCROOT}/Pods/Target Support Files/Pods/Pods-resources.sh"
</string>
			<key>showEnvVarsInLog</key>
			<string>0</string>
		</dict>
		<key>3732FC3D8302400A859A2682</key>
		<dict>
			<key>children</key>
			<array>
				<string>3748C53F01464830A2605981</string>
			</array>
			<key>isa</key>
			<string>PBXGroup</string>
			<key>name</key>
			<string>Frameworks</string>
			<key>sourceTree</key>
			<string>&lt;group&gt;</string>
		</dict>
		<key>3748C53F01464830A2605981</key>
		<dict>
			<key>explicitFileType</key>
			<string>archive.ar</string>
			<key>includeInIndex</key>
			<string>0</string>
			<key>isa</key>
			<string>PBXFileReference</string>
			<key>path</key>
			<string>libPods.a</string>
			<key>sourceTree</key>
			<string>BUILT_PRODUCTS_DIR</string>
		</dict>
		<key>38E3065063027DCB078CF78A</key>
		<dict>
			<key>includeInIndex</key>
			<string>1</string>
			<key>isa</key>
			<string>PBXFileReference</string>
			<key>lastKnownFileType</key>
			<string>text.xcconfig</string>
			<key>name</key>
			<string>Pods.debug.xcconfig</string>
			<key>path</key>
			<string>Pods/Target Support Files/Pods/Pods.debug.xcconfig</string>
			<key>sourceTree</key>
			<string>&lt;group&gt;</string>
		</dict>
		<key>3B0A9D8D19D9E15B002848CD</key>
		<dict>
			<key>children</key>
			<array>
				<string>3B8BA72A19D9FBEB00996B9F</string>
				<string>3B0A9D9719D9E15B002848CD</string>
				<string>3732FC3D8302400A859A2682</string>
				<string>1BFAC2BAA53D7391E67F450D</string>
			</array>
			<key>isa</key>
			<string>PBXGroup</string>
			<key>sourceTree</key>
			<string>&lt;group&gt;</string>
		</dict>
		<key>3B0A9D8E19D9E15B002848CD</key>
		<dict>
			<key>attributes</key>
			<dict>
				<key>LastUpgradeCheck</key>
				<string>0600</string>
				<key>ORGANIZATIONNAME</key>
				<string>Gilt Groupe</string>
				<key>TargetAttributes</key>
				<dict>
					<key>3B0A9D9519D9E15B002848CD</key>
					<dict>
						<key>CreatedOnToolsVersion</key>
						<string>6.0.1</string>
					</dict>
				</dict>
			</dict>
			<key>buildConfigurationList</key>
			<string>3B0A9D9119D9E15B002848CD</string>
			<key>compatibilityVersion</key>
			<string>Xcode 3.2</string>
			<key>developmentRegion</key>
			<string>English</string>
			<key>hasScannedForEncodings</key>
			<string>0</string>
			<key>isa</key>
			<string>PBXProject</string>
			<key>knownRegions</key>
			<array>
				<string>en</string>
			</array>
			<key>mainGroup</key>
			<string>3B0A9D8D19D9E15B002848CD</string>
			<key>productRefGroup</key>
			<string>3B0A9D9719D9E15B002848CD</string>
			<key>projectDirPath</key>
			<string></string>
			<key>projectReferences</key>
			<array/>
			<key>projectRoot</key>
			<string></string>
			<key>targets</key>
			<array>
				<string>3B0A9D9519D9E15B002848CD</string>
			</array>
		</dict>
		<key>3B0A9D9119D9E15B002848CD</key>
		<dict>
			<key>buildConfigurations</key>
			<array>
				<string>3B0A9DA519D9E15B002848CD</string>
				<string>3B0A9DA619D9E15B002848CD</string>
			</array>
			<key>defaultConfigurationIsVisible</key>
			<string>0</string>
			<key>defaultConfigurationName</key>
			<string>Release</string>
			<key>isa</key>
			<string>XCConfigurationList</string>
		</dict>
		<key>3B0A9D9219D9E15B002848CD</key>
		<dict>
			<key>buildActionMask</key>
			<string>2147483647</string>
			<key>files</key>
			<array>
				<string>3B8BA7EC19D9FBEB00996B9F</string>
				<string>3B8BA80019D9FBEB00996B9F</string>
				<string>3B8BA7FD19D9FBEB00996B9F</string>
				<string>3B8BA7CB19D9FBEB00996B9F</string>
				<string>3B8BA7E619D9FBEB00996B9F</string>
				<string>3B8BA7C519D9FBEB00996B9F</string>
				<string>3B8BA7D519D9FBEB00996B9F</string>
				<string>3B8BA7D019D9FBEB00996B9F</string>
				<string>3B8BA7D819D9FBEB00996B9F</string>
				<string>3B8BA7F219D9FBEB00996B9F</string>
				<string>3B8BA7C819D9FBEB00996B9F</string>
				<string>3B8BA7CF19D9FBEB00996B9F</string>
				<string>3B8BA7F919D9FBEB00996B9F</string>
				<string>3B8BA80319D9FBEB00996B9F</string>
				<string>3B8BA7EB19D9FBEB00996B9F</string>
				<string>3B8BA7E819D9FBEB00996B9F</string>
				<string>3B8BA7E719D9FBEB00996B9F</string>
				<string>3B8BA7DB19D9FBEB00996B9F</string>
				<string>3B8BA7D219D9FBEB00996B9F</string>
				<string>3B8BA7C219D9FBEB00996B9F</string>
				<string>3B8BA7D319D9FBEB00996B9F</string>
				<string>3B8BA7DE19D9FBEB00996B9F</string>
				<string>3B8BA7F519D9FBEB00996B9F</string>
				<string>3B8BA7EF19D9FBEB00996B9F</string>
				<string>3B8BA7F619D9FBEB00996B9F</string>
				<string>3B8BA7E319D9FBEB00996B9F</string>
				<string>3B8BA7E219D9FBEB00996B9F</string>
				<string>3B8BA7CC19D9FBEB00996B9F</string>
				<string>3B8BA7EE19D9FBEB00996B9F</string>
				<string>3B8BA7E019D9FBEB00996B9F</string>
				<string>3B8BA7FC19D9FBEB00996B9F</string>
				<string>3B8BA7F019D9FBEB00996B9F</string>
				<string>3B8BA7FB19D9FBEB00996B9F</string>
				<string>3B8BA7F819D9FBEB00996B9F</string>
				<string>3B8BA80119D9FBEB00996B9F</string>
				<string>3B8BA7C619D9FBEB00996B9F</string>
				<string>3B8BA7FF19D9FBEB00996B9F</string>
				<string>3B8BA7D619D9FBEB00996B9F</string>
				<string>3B8BA7C319D9FBEB00996B9F</string>
				<string>3B8BA7CD19D9FBEB00996B9F</string>
				<string>3B8BA7EA19D9FBEB00996B9F</string>
				<string>3B8BA7F419D9FBEB00996B9F</string>
				<string>3B8BA7C419D9FBEB00996B9F</string>
				<string>3B8BA7CA19D9FBEB00996B9F</string>
				<string>3B8BA7C919D9FBEB00996B9F</string>
				<string>3B8BA7E919D9FBEB00996B9F</string>
				<string>3B8BA7CE19D9FBEB00996B9F</string>
				<string>3B8BA7DA19D9FBEB00996B9F</string>
				<string>3B8BA7D119D9FBEB00996B9F</string>
				<string>3B8BA7F719D9FBEB00996B9F</string>
				<string>3B8BA7D719D9FBEB00996B9F</string>
				<string>3B8BA7F119D9FBEB00996B9F</string>
				<string>3B8BA80219D9FBEB00996B9F</string>
				<string>3B8BA7F319D9FBEB00996B9F</string>
				<string>3B8BA7DD19D9FBEB00996B9F</string>
				<string>3B8BA7ED19D9FBEB00996B9F</string>
				<string>3B8BA7FA19D9FBEB00996B9F</string>
				<string>3B8BA7D419D9FBEB00996B9F</string>
				<string>3B8BA7E119D9FBEB00996B9F</string>
				<string>3B8BA7E419D9FBEB00996B9F</string>
				<string>3B8BA7DF19D9FBEB00996B9F</string>
				<string>3B8BA7FE19D9FBEB00996B9F</string>
				<string>3B8BA7DC19D9FBEB00996B9F</string>
				<string>3B8BA7C119D9FBEB00996B9F</string>
				<string>3B8BA7C719D9FBEB00996B9F</string>
				<string>3B8BA7D919D9FBEB00996B9F</string>
				<string>3B8BA7E519D9FBEB00996B9F</string>
			</array>
			<key>isa</key>
			<string>PBXSourcesBuildPhase</string>
			<key>runOnlyForDeploymentPostprocessing</key>
			<string>0</string>
		</dict>
		<key>3B0A9D9319D9E15B002848CD</key>
		<dict>
			<key>buildActionMask</key>
			<string>2147483647</string>
			<key>files</key>
			<array>
				<string>8AC21FFE94904AF4A5A75D93</string>
			</array>
			<key>isa</key>
			<string>PBXFrameworksBuildPhase</string>
			<key>runOnlyForDeploymentPostprocessing</key>
			<string>0</string>
		</dict>
		<key>3B0A9D9419D9E15B002848CD</key>
		<dict>
			<key>buildActionMask</key>
			<string>2147483647</string>
			<key>dstPath</key>
			<string>include/$(PRODUCT_NAME)</string>
			<key>dstSubfolderSpec</key>
			<string>16</string>
			<key>files</key>
			<array/>
			<key>isa</key>
			<string>PBXCopyFilesBuildPhase</string>
			<key>runOnlyForDeploymentPostprocessing</key>
			<string>0</string>
		</dict>
		<key>3B0A9D9519D9E15B002848CD</key>
		<dict>
			<key>buildConfigurationList</key>
			<string>3B0A9DA719D9E15B002848CD</string>
			<key>buildPhases</key>
			<array>
				<string>1131BDAE7C4A417198CCB31C</string>
				<string>3B0A9D9219D9E15B002848CD</string>
				<string>3B0A9D9319D9E15B002848CD</string>
				<string>3B0A9D9419D9E15B002848CD</string>
				<string>2E4245E8C0D94E29BD2A0DCD</string>
			</array>
			<key>buildRules</key>
			<array/>
			<key>dependencies</key>
			<array/>
			<key>isa</key>
			<string>PBXNativeTarget</string>
			<key>name</key>
			<string>MBDataEnvironment</string>
			<key>productName</key>
			<string>MBDataEnvironment</string>
			<key>productReference</key>
			<string>3B0A9D9619D9E15B002848CD</string>
			<key>productType</key>
			<string>com.apple.product-type.library.static</string>
		</dict>
		<key>3B0A9D9619D9E15B002848CD</key>
		<dict>
			<key>explicitFileType</key>
			<string>archive.ar</string>
			<key>includeInIndex</key>
			<string>0</string>
			<key>isa</key>
			<string>PBXFileReference</string>
			<key>path</key>
			<string>libMBDataEnvironment.a</string>
			<key>sourceTree</key>
			<string>BUILT_PRODUCTS_DIR</string>
		</dict>
		<key>3B0A9D9719D9E15B002848CD</key>
		<dict>
			<key>children</key>
			<array>
				<string>3B0A9D9619D9E15B002848CD</string>
			</array>
			<key>isa</key>
			<string>PBXGroup</string>
			<key>name</key>
			<string>Products</string>
			<key>sourceTree</key>
			<string>&lt;group&gt;</string>
		</dict>
		<key>3B0A9DA519D9E15B002848CD</key>
		<dict>
			<key>buildSettings</key>
			<dict>
				<key>ALWAYS_SEARCH_USER_PATHS</key>
				<string>NO</string>
				<key>CLANG_CXX_LANGUAGE_STANDARD</key>
				<string>gnu++0x</string>
				<key>CLANG_CXX_LIBRARY</key>
				<string>libc++</string>
				<key>CLANG_ENABLE_MODULES</key>
				<string>YES</string>
				<key>CLANG_ENABLE_OBJC_ARC</key>
				<string>YES</string>
				<key>CLANG_WARN_BOOL_CONVERSION</key>
				<string>YES</string>
				<key>CLANG_WARN_CONSTANT_CONVERSION</key>
				<string>YES</string>
				<key>CLANG_WARN_DIRECT_OBJC_ISA_USAGE</key>
				<string>YES_ERROR</string>
				<key>CLANG_WARN_EMPTY_BODY</key>
				<string>YES</string>
				<key>CLANG_WARN_ENUM_CONVERSION</key>
				<string>YES</string>
				<key>CLANG_WARN_INT_CONVERSION</key>
				<string>YES</string>
				<key>CLANG_WARN_OBJC_ROOT_CLASS</key>
				<string>YES_ERROR</string>
				<key>CLANG_WARN_UNREACHABLE_CODE</key>
				<string>YES</string>
				<key>CLANG_WARN__DUPLICATE_METHOD_MATCH</key>
				<string>YES</string>
				<key>COPY_PHASE_STRIP</key>
				<string>NO</string>
				<key>ENABLE_STRICT_OBJC_MSGSEND</key>
				<string>YES</string>
				<key>GCC_C_LANGUAGE_STANDARD</key>
				<string>gnu99</string>
				<key>GCC_DYNAMIC_NO_PIC</key>
				<string>NO</string>
				<key>GCC_OPTIMIZATION_LEVEL</key>
				<string>0</string>
				<key>GCC_PREPROCESSOR_DEFINITIONS</key>
				<array>
					<string>DEBUG=1</string>
					<string>$(inherited)</string>
				</array>
				<key>GCC_SYMBOLS_PRIVATE_EXTERN</key>
				<string>NO</string>
				<key>GCC_WARN_64_TO_32_BIT_CONVERSION</key>
				<string>YES</string>
				<key>GCC_WARN_ABOUT_RETURN_TYPE</key>
				<string>YES_ERROR</string>
				<key>GCC_WARN_UNDECLARED_SELECTOR</key>
				<string>YES</string>
				<key>GCC_WARN_UNINITIALIZED_AUTOS</key>
				<string>YES_AGGRESSIVE</string>
				<key>GCC_WARN_UNUSED_FUNCTION</key>
				<string>YES</string>
				<key>GCC_WARN_UNUSED_VARIABLE</key>
				<string>YES</string>
				<key>IPHONEOS_DEPLOYMENT_TARGET</key>
				<string>7.0</string>
				<key>MTL_ENABLE_DEBUG_INFO</key>
				<string>YES</string>
				<key>ONLY_ACTIVE_ARCH</key>
				<string>YES</string>
				<key>SDKROOT</key>
				<string>iphoneos</string>
			</dict>
			<key>isa</key>
			<string>XCBuildConfiguration</string>
			<key>name</key>
			<string>Debug</string>
		</dict>
		<key>3B0A9DA619D9E15B002848CD</key>
		<dict>
			<key>buildSettings</key>
			<dict>
				<key>ALWAYS_SEARCH_USER_PATHS</key>
				<string>NO</string>
				<key>CLANG_CXX_LANGUAGE_STANDARD</key>
				<string>gnu++0x</string>
				<key>CLANG_CXX_LIBRARY</key>
				<string>libc++</string>
				<key>CLANG_ENABLE_MODULES</key>
				<string>YES</string>
				<key>CLANG_ENABLE_OBJC_ARC</key>
				<string>YES</string>
				<key>CLANG_WARN_BOOL_CONVERSION</key>
				<string>YES</string>
				<key>CLANG_WARN_CONSTANT_CONVERSION</key>
				<string>YES</string>
				<key>CLANG_WARN_DIRECT_OBJC_ISA_USAGE</key>
				<string>YES_ERROR</string>
				<key>CLANG_WARN_EMPTY_BODY</key>
				<string>YES</string>
				<key>CLANG_WARN_ENUM_CONVERSION</key>
				<string>YES</string>
				<key>CLANG_WARN_INT_CONVERSION</key>
				<string>YES</string>
				<key>CLANG_WARN_OBJC_ROOT_CLASS</key>
				<string>YES_ERROR</string>
				<key>CLANG_WARN_UNREACHABLE_CODE</key>
				<string>YES</string>
				<key>CLANG_WARN__DUPLICATE_METHOD_MATCH</key>
				<string>YES</string>
				<key>COPY_PHASE_STRIP</key>
				<string>YES</string>
				<key>ENABLE_NS_ASSERTIONS</key>
				<string>NO</string>
				<key>ENABLE_STRICT_OBJC_MSGSEND</key>
				<string>YES</string>
				<key>GCC_C_LANGUAGE_STANDARD</key>
				<string>gnu99</string>
				<key>GCC_WARN_64_TO_32_BIT_CONVERSION</key>
				<string>YES</string>
				<key>GCC_WARN_ABOUT_RETURN_TYPE</key>
				<string>YES_ERROR</string>
				<key>GCC_WARN_UNDECLARED_SELECTOR</key>
				<string>YES</string>
				<key>GCC_WARN_UNINITIALIZED_AUTOS</key>
				<string>YES_AGGRESSIVE</string>
				<key>GCC_WARN_UNUSED_FUNCTION</key>
				<string>YES</string>
				<key>GCC_WARN_UNUSED_VARIABLE</key>
				<string>YES</string>
				<key>IPHONEOS_DEPLOYMENT_TARGET</key>
				<string>7.0</string>
				<key>MTL_ENABLE_DEBUG_INFO</key>
				<string>NO</string>
				<key>SDKROOT</key>
				<string>iphoneos</string>
				<key>VALIDATE_PRODUCT</key>
				<string>YES</string>
			</dict>
			<key>isa</key>
			<string>XCBuildConfiguration</string>
			<key>name</key>
			<string>Release</string>
		</dict>
		<key>3B0A9DA719D9E15B002848CD</key>
		<dict>
			<key>buildConfigurations</key>
			<array>
				<string>3B0A9DA819D9E15B002848CD</string>
				<string>3B0A9DA919D9E15B002848CD</string>
			</array>
			<key>defaultConfigurationIsVisible</key>
			<string>0</string>
			<key>defaultConfigurationName</key>
			<string>Release</string>
			<key>isa</key>
			<string>XCConfigurationList</string>
		</dict>
		<key>3B0A9DA819D9E15B002848CD</key>
		<dict>
			<key>baseConfigurationReference</key>
			<string>38E3065063027DCB078CF78A</string>
			<key>buildSettings</key>
			<dict>
				<key>PRODUCT_NAME</key>
				<string>$(TARGET_NAME)</string>
				<key>SKIP_INSTALL</key>
				<string>YES</string>
			</dict>
			<key>isa</key>
			<string>XCBuildConfiguration</string>
			<key>name</key>
			<string>Debug</string>
		</dict>
		<key>3B0A9DA919D9E15B002848CD</key>
		<dict>
			<key>baseConfigurationReference</key>
			<string>A05207EBD318D61DBCA7396F</string>
			<key>buildSettings</key>
			<dict>
				<key>PRODUCT_NAME</key>
				<string>$(TARGET_NAME)</string>
				<key>SKIP_INSTALL</key>
				<string>YES</string>
			</dict>
			<key>isa</key>
			<string>XCBuildConfiguration</string>
			<key>name</key>
			<string>Release</string>
		</dict>
		<key>3B8BA72A19D9FBEB00996B9F</key>
		<dict>
			<key>children</key>
			<array>
				<string>3B8BA72B19D9FBEB00996B9F</string>
				<string>3B8BA73019D9FBEB00996B9F</string>
				<string>3B8BA73319D9FBEB00996B9F</string>
				<string>3B8BA73819D9FBEB00996B9F</string>
				<string>3B8BA73B19D9FBEB00996B9F</string>
				<string>3B8BA78D19D9FBEB00996B9F</string>
				<string>3B8BA7AF19D9FBEB00996B9F</string>
				<string>3B8BA7B019D9FBEB00996B9F</string>
				<string>3B8BA7B519D9FBEB00996B9F</string>
				<string>3B8BA7BA19D9FBEB00996B9F</string>
			</array>
			<key>isa</key>
			<string>PBXGroup</string>
			<key>path</key>
			<string>Code</string>
			<key>sourceTree</key>
			<string>&lt;group&gt;</string>
		</dict>
		<key>3B8BA72B19D9FBEB00996B9F</key>
		<dict>
			<key>children</key>
			<array>
				<string>3B8BA72C19D9FBEB00996B9F</string>
				<string>3B8BA72D19D9FBEB00996B9F</string>
				<string>3B8BA72E19D9FBEB00996B9F</string>
				<string>3B8BA72F19D9FBEB00996B9F</string>
			</array>
			<key>isa</key>
			<string>PBXGroup</string>
			<key>path</key>
			<string>DataModel</string>
			<key>sourceTree</key>
			<string>&lt;group&gt;</string>
		</dict>
		<key>3B8BA72C19D9FBEB00996B9F</key>
		<dict>
			<key>fileEncoding</key>
			<string>4</string>
			<key>isa</key>
			<string>PBXFileReference</string>
			<key>lastKnownFileType</key>
			<string>sourcecode.c.h</string>
			<key>path</key>
			<string>MBAttributeValidator.h</string>
			<key>sourceTree</key>
			<string>&lt;group&gt;</string>
		</dict>
		<key>3B8BA72D19D9FBEB00996B9F</key>
		<dict>
			<key>fileEncoding</key>
			<string>4</string>
			<key>isa</key>
			<string>PBXFileReference</string>
			<key>lastKnownFileType</key>
			<string>sourcecode.c.objc</string>
			<key>path</key>
			<string>MBAttributeValidator.m</string>
			<key>sourceTree</key>
			<string>&lt;group&gt;</string>
		</dict>
		<key>3B8BA72E19D9FBEB00996B9F</key>
		<dict>
			<key>fileEncoding</key>
			<string>4</string>
			<key>isa</key>
			<string>PBXFileReference</string>
			<key>lastKnownFileType</key>
			<string>sourcecode.c.h</string>
			<key>path</key>
			<string>MBDataModel.h</string>
			<key>sourceTree</key>
			<string>&lt;group&gt;</string>
		</dict>
		<key>3B8BA72F19D9FBEB00996B9F</key>
		<dict>
			<key>fileEncoding</key>
			<string>4</string>
			<key>isa</key>
			<string>PBXFileReference</string>
			<key>lastKnownFileType</key>
			<string>sourcecode.c.objc</string>
			<key>path</key>
			<string>MBDataModel.m</string>
			<key>sourceTree</key>
			<string>&lt;group&gt;</string>
		</dict>
		<key>3B8BA73019D9FBEB00996B9F</key>
		<dict>
			<key>children</key>
			<array>
				<string>3B8BA73119D9FBEB00996B9F</string>
				<string>3B8BA73219D9FBEB00996B9F</string>
			</array>
			<key>isa</key>
			<string>PBXGroup</string>
			<key>path</key>
			<string>Device</string>
			<key>sourceTree</key>
			<string>&lt;group&gt;</string>
		</dict>
		<key>3B8BA73119D9FBEB00996B9F</key>
		<dict>
			<key>fileEncoding</key>
			<string>4</string>
			<key>isa</key>
			<string>PBXFileReference</string>
			<key>lastKnownFileType</key>
			<string>sourcecode.c.h</string>
			<key>path</key>
			<string>MBDevice.h</string>
			<key>sourceTree</key>
			<string>&lt;group&gt;</string>
		</dict>
		<key>3B8BA73219D9FBEB00996B9F</key>
		<dict>
			<key>fileEncoding</key>
			<string>4</string>
			<key>isa</key>
			<string>PBXFileReference</string>
			<key>lastKnownFileType</key>
			<string>sourcecode.c.objc</string>
			<key>path</key>
			<string>MBDevice.m</string>
			<key>sourceTree</key>
			<string>&lt;group&gt;</string>
		</dict>
		<key>3B8BA73319D9FBEB00996B9F</key>
		<dict>
			<key>children</key>
			<array>
				<string>3B8BA73419D9FBEB00996B9F</string>
				<string>3B8BA73519D9FBEB00996B9F</string>
				<string>3B8BA73619D9FBEB00996B9F</string>
				<string>3B8BA73719D9FBEB00996B9F</string>
			</array>
			<key>isa</key>
			<string>PBXGroup</string>
			<key>path</key>
			<string>Environment</string>
			<key>sourceTree</key>
			<string>&lt;group&gt;</string>
		</dict>
		<key>3B8BA73419D9FBEB00996B9F</key>
		<dict>
			<key>fileEncoding</key>
			<string>4</string>
			<key>isa</key>
			<string>PBXFileReference</string>
			<key>lastKnownFileType</key>
			<string>sourcecode.c.h</string>
			<key>path</key>
			<string>MBEnvironment.h</string>
			<key>sourceTree</key>
			<string>&lt;group&gt;</string>
		</dict>
		<key>3B8BA73519D9FBEB00996B9F</key>
		<dict>
			<key>fileEncoding</key>
			<string>4</string>
			<key>isa</key>
			<string>PBXFileReference</string>
			<key>lastKnownFileType</key>
			<string>sourcecode.c.objc</string>
			<key>path</key>
			<string>MBEnvironment.m</string>
			<key>sourceTree</key>
			<string>&lt;group&gt;</string>
		</dict>
		<key>3B8BA73619D9FBEB00996B9F</key>
		<dict>
			<key>fileEncoding</key>
			<string>4</string>
			<key>isa</key>
			<string>PBXFileReference</string>
			<key>lastKnownFileType</key>
			<string>sourcecode.c.h</string>
			<key>path</key>
			<string>MBEnvironmentLoader.h</string>
			<key>sourceTree</key>
			<string>&lt;group&gt;</string>
		</dict>
		<key>3B8BA73719D9FBEB00996B9F</key>
		<dict>
			<key>fileEncoding</key>
			<string>4</string>
			<key>isa</key>
			<string>PBXFileReference</string>
			<key>lastKnownFileType</key>
			<string>sourcecode.c.objc</string>
			<key>path</key>
			<string>MBEnvironmentLoader.m</string>
			<key>sourceTree</key>
			<string>&lt;group&gt;</string>
		</dict>
		<key>3B8BA73819D9FBEB00996B9F</key>
		<dict>
			<key>children</key>
			<array>
				<string>3B8BA73919D9FBEB00996B9F</string>
				<string>3B8BA73A19D9FBEB00996B9F</string>
			</array>
			<key>isa</key>
			<string>PBXGroup</string>
			<key>path</key>
			<string>Events</string>
			<key>sourceTree</key>
			<string>&lt;group&gt;</string>
		</dict>
		<key>3B8BA73919D9FBEB00996B9F</key>
		<dict>
			<key>fileEncoding</key>
			<string>4</string>
			<key>isa</key>
			<string>PBXFileReference</string>
			<key>lastKnownFileType</key>
			<string>sourcecode.c.h</string>
			<key>path</key>
			<string>MBEvents+DataLoading.h</string>
			<key>sourceTree</key>
			<string>&lt;group&gt;</string>
		</dict>
		<key>3B8BA73A19D9FBEB00996B9F</key>
		<dict>
			<key>fileEncoding</key>
			<string>4</string>
			<key>isa</key>
			<string>PBXFileReference</string>
			<key>lastKnownFileType</key>
			<string>sourcecode.c.objc</string>
			<key>path</key>
			<string>MBEvents+DataLoading.m</string>
			<key>sourceTree</key>
			<string>&lt;group&gt;</string>
		</dict>
		<key>3B8BA73B19D9FBEB00996B9F</key>
		<dict>
			<key>children</key>
			<array>
				<string>3B8BA73C19D9FBEB00996B9F</string>
				<string>3B8BA73D19D9FBEB00996B9F</string>
				<string>3B8BA73E19D9FBEB00996B9F</string>
				<string>3B8BA73F19D9FBEB00996B9F</string>
				<string>3B8BA74019D9FBEB00996B9F</string>
				<string>3B8BA74119D9FBEB00996B9F</string>
				<string>3B8BA74219D9FBEB00996B9F</string>
				<string>3B8BA74319D9FBEB00996B9F</string>
				<string>3B8BA74419D9FBEB00996B9F</string>
			</array>
			<key>isa</key>
			<string>PBXGroup</string>
			<key>path</key>
			<string>ExpressionEngine</string>
			<key>sourceTree</key>
			<string>&lt;group&gt;</string>
		</dict>
		<key>3B8BA73C19D9FBEB00996B9F</key>
		<dict>
			<key>fileEncoding</key>
			<string>4</string>
			<key>isa</key>
			<string>PBXFileReference</string>
			<key>lastKnownFileType</key>
			<string>sourcecode.c.h</string>
			<key>path</key>
			<string>MBExpression.h</string>
			<key>sourceTree</key>
			<string>&lt;group&gt;</string>
		</dict>
		<key>3B8BA73D19D9FBEB00996B9F</key>
		<dict>
			<key>fileEncoding</key>
			<string>4</string>
			<key>isa</key>
			<string>PBXFileReference</string>
			<key>lastKnownFileType</key>
			<string>sourcecode.c.objc</string>
			<key>path</key>
			<string>MBExpression.m</string>
			<key>sourceTree</key>
			<string>&lt;group&gt;</string>
		</dict>
		<key>3B8BA73E19D9FBEB00996B9F</key>
		<dict>
			<key>fileEncoding</key>
			<string>4</string>
			<key>isa</key>
			<string>PBXFileReference</string>
			<key>lastKnownFileType</key>
			<string>sourcecode.c.h</string>
			<key>path</key>
			<string>MBExpressionCache.h</string>
			<key>sourceTree</key>
			<string>&lt;group&gt;</string>
		</dict>
		<key>3B8BA73F19D9FBEB00996B9F</key>
		<dict>
			<key>fileEncoding</key>
			<string>4</string>
			<key>isa</key>
			<string>PBXFileReference</string>
			<key>lastKnownFileType</key>
			<string>sourcecode.c.objc</string>
			<key>path</key>
			<string>MBExpressionCache.m</string>
			<key>sourceTree</key>
			<string>&lt;group&gt;</string>
		</dict>
		<key>3B8BA74019D9FBEB00996B9F</key>
		<dict>
			<key>fileEncoding</key>
			<string>4</string>
			<key>isa</key>
			<string>PBXFileReference</string>
			<key>lastKnownFileType</key>
			<string>sourcecode.c.h</string>
			<key>path</key>
			<string>MBExpressionError.h</string>
			<key>sourceTree</key>
			<string>&lt;group&gt;</string>
		</dict>
		<key>3B8BA74119D9FBEB00996B9F</key>
		<dict>
			<key>fileEncoding</key>
			<string>4</string>
			<key>isa</key>
			<string>PBXFileReference</string>
			<key>lastKnownFileType</key>
			<string>sourcecode.c.objc</string>
			<key>path</key>
			<string>MBExpressionError.m</string>
			<key>sourceTree</key>
			<string>&lt;group&gt;</string>
		</dict>
		<key>3B8BA74219D9FBEB00996B9F</key>
		<dict>
			<key>fileEncoding</key>
			<string>4</string>
			<key>isa</key>
			<string>PBXFileReference</string>
			<key>lastKnownFileType</key>
			<string>sourcecode.c.h</string>
			<key>path</key>
			<string>MBExpressionExtensions.h</string>
			<key>sourceTree</key>
			<string>&lt;group&gt;</string>
		</dict>
		<key>3B8BA74319D9FBEB00996B9F</key>
		<dict>
			<key>fileEncoding</key>
			<string>4</string>
			<key>isa</key>
			<string>PBXFileReference</string>
			<key>lastKnownFileType</key>
			<string>sourcecode.c.objc</string>
			<key>path</key>
			<string>MBExpressionExtensions.m</string>
			<key>sourceTree</key>
			<string>&lt;group&gt;</string>
		</dict>
		<key>3B8BA74419D9FBEB00996B9F</key>
		<dict>
			<key>children</key>
			<array>
				<string>3B8BA74519D9FBEB00996B9F</string>
				<string>3B8BA74619D9FBEB00996B9F</string>
				<string>3B8BA74719D9FBEB00996B9F</string>
				<string>3B8BA74819D9FBEB00996B9F</string>
				<string>3B8BA74919D9FBEB00996B9F</string>
				<string>3B8BA76919D9FBEB00996B9F</string>
				<string>3B8BA78019D9FBEB00996B9F</string>
			</array>
			<key>isa</key>
			<string>PBXGroup</string>
			<key>path</key>
			<string>Private</string>
			<key>sourceTree</key>
			<string>&lt;group&gt;</string>
		</dict>
		<key>3B8BA74519D9FBEB00996B9F</key>
		<dict>
			<key>fileEncoding</key>
			<string>4</string>
			<key>isa</key>
			<string>PBXFileReference</string>
			<key>lastKnownFileType</key>
			<string>sourcecode.c.h</string>
			<key>path</key>
			<string>MBExpressionGrammar.h</string>
			<key>sourceTree</key>
			<string>&lt;group&gt;</string>
		</dict>
		<key>3B8BA74619D9FBEB00996B9F</key>
		<dict>
			<key>fileEncoding</key>
			<string>4</string>
			<key>isa</key>
			<string>PBXFileReference</string>
			<key>lastKnownFileType</key>
			<string>sourcecode.c.objc</string>
			<key>path</key>
			<string>MBExpressionGrammar.m</string>
			<key>sourceTree</key>
			<string>&lt;group&gt;</string>
		</dict>
		<key>3B8BA74719D9FBEB00996B9F</key>
		<dict>
			<key>fileEncoding</key>
			<string>4</string>
			<key>isa</key>
			<string>PBXFileReference</string>
			<key>lastKnownFileType</key>
			<string>sourcecode.c.h</string>
			<key>path</key>
			<string>MBExpressionTokenizer.h</string>
			<key>sourceTree</key>
			<string>&lt;group&gt;</string>
		</dict>
		<key>3B8BA74819D9FBEB00996B9F</key>
		<dict>
			<key>fileEncoding</key>
			<string>4</string>
			<key>isa</key>
			<string>PBXFileReference</string>
			<key>lastKnownFileType</key>
			<string>sourcecode.c.objc</string>
			<key>path</key>
			<string>MBExpressionTokenizer.m</string>
			<key>sourceTree</key>
			<string>&lt;group&gt;</string>
		</dict>
		<key>3B8BA74919D9FBEB00996B9F</key>
		<dict>
			<key>children</key>
			<array>
				<string>3B8BA74A19D9FBEB00996B9F</string>
				<string>3B8BA74B19D9FBEB00996B9F</string>
				<string>3B8BA74C19D9FBEB00996B9F</string>
				<string>3B8BA74D19D9FBEB00996B9F</string>
				<string>3B8BA74E19D9FBEB00996B9F</string>
				<string>3B8BA74F19D9FBEB00996B9F</string>
				<string>3B8BA75019D9FBEB00996B9F</string>
				<string>3B8BA75119D9FBEB00996B9F</string>
				<string>3B8BA75219D9FBEB00996B9F</string>
				<string>3B8BA75319D9FBEB00996B9F</string>
				<string>3B8BA75419D9FBEB00996B9F</string>
				<string>3B8BA75519D9FBEB00996B9F</string>
				<string>3B8BA75619D9FBEB00996B9F</string>
				<string>3B8BA75719D9FBEB00996B9F</string>
				<string>3B8BA75819D9FBEB00996B9F</string>
				<string>3B8BA75919D9FBEB00996B9F</string>
				<string>3B8BA75A19D9FBEB00996B9F</string>
				<string>3B8BA75B19D9FBEB00996B9F</string>
				<string>3B8BA75C19D9FBEB00996B9F</string>
				<string>3B8BA75D19D9FBEB00996B9F</string>
				<string>3B8BA75E19D9FBEB00996B9F</string>
				<string>3B8BA75F19D9FBEB00996B9F</string>
				<string>3B8BA76019D9FBEB00996B9F</string>
				<string>3B8BA76119D9FBEB00996B9F</string>
				<string>3B8BA76219D9FBEB00996B9F</string>
				<string>3B8BA76319D9FBEB00996B9F</string>
				<string>3B8BA76419D9FBEB00996B9F</string>
				<string>3B8BA76519D9FBEB00996B9F</string>
				<string>3B8BA76619D9FBEB00996B9F</string>
				<string>3B8BA76719D9FBEB00996B9F</string>
				<string>3B8BA76819D9FBEB00996B9F</string>
			</array>
			<key>isa</key>
			<string>PBXGroup</string>
			<key>path</key>
			<string>Tokens</string>
			<key>sourceTree</key>
			<string>&lt;group&gt;</string>
		</dict>
		<key>3B8BA74A19D9FBEB00996B9F</key>
		<dict>
			<key>fileEncoding</key>
			<string>4</string>
			<key>isa</key>
			<string>PBXFileReference</string>
			<key>lastKnownFileType</key>
			<string>sourcecode.c.h</string>
			<key>path</key>
			<string>MBMLEscapeSequenceToken.h</string>
			<key>sourceTree</key>
			<string>&lt;group&gt;</string>
		</dict>
		<key>3B8BA74B19D9FBEB00996B9F</key>
		<dict>
			<key>fileEncoding</key>
			<string>4</string>
			<key>isa</key>
			<string>PBXFileReference</string>
			<key>lastKnownFileType</key>
			<string>sourcecode.c.objc</string>
			<key>path</key>
			<string>MBMLEscapeSequenceToken.m</string>
			<key>sourceTree</key>
			<string>&lt;group&gt;</string>
		</dict>
		<key>3B8BA74C19D9FBEB00996B9F</key>
		<dict>
			<key>fileEncoding</key>
			<string>4</string>
			<key>isa</key>
			<string>PBXFileReference</string>
			<key>lastKnownFileType</key>
			<string>sourcecode.c.h</string>
			<key>path</key>
			<string>MBMLFunctionCallToken.h</string>
			<key>sourceTree</key>
			<string>&lt;group&gt;</string>
		</dict>
		<key>3B8BA74D19D9FBEB00996B9F</key>
		<dict>
			<key>fileEncoding</key>
			<string>4</string>
			<key>isa</key>
			<string>PBXFileReference</string>
			<key>lastKnownFileType</key>
			<string>sourcecode.c.objc</string>
			<key>path</key>
			<string>MBMLFunctionCallToken.m</string>
			<key>sourceTree</key>
			<string>&lt;group&gt;</string>
		</dict>
		<key>3B8BA74E19D9FBEB00996B9F</key>
		<dict>
			<key>fileEncoding</key>
			<string>4</string>
			<key>isa</key>
			<string>PBXFileReference</string>
			<key>lastKnownFileType</key>
			<string>sourcecode.c.h</string>
			<key>path</key>
			<string>MBMLGroupingToken.h</string>
			<key>sourceTree</key>
			<string>&lt;group&gt;</string>
		</dict>
		<key>3B8BA74F19D9FBEB00996B9F</key>
		<dict>
			<key>fileEncoding</key>
			<string>4</string>
			<key>isa</key>
			<string>PBXFileReference</string>
			<key>lastKnownFileType</key>
			<string>sourcecode.c.objc</string>
			<key>path</key>
			<string>MBMLGroupingToken.m</string>
			<key>sourceTree</key>
			<string>&lt;group&gt;</string>
		</dict>
		<key>3B8BA75019D9FBEB00996B9F</key>
		<dict>
			<key>fileEncoding</key>
			<string>4</string>
			<key>isa</key>
			<string>PBXFileReference</string>
			<key>lastKnownFileType</key>
			<string>sourcecode.c.h</string>
			<key>path</key>
			<string>MBMLIgnorableWhitespaceToken.h</string>
			<key>sourceTree</key>
			<string>&lt;group&gt;</string>
		</dict>
		<key>3B8BA75119D9FBEB00996B9F</key>
		<dict>
			<key>fileEncoding</key>
			<string>4</string>
			<key>isa</key>
			<string>PBXFileReference</string>
			<key>lastKnownFileType</key>
			<string>sourcecode.c.objc</string>
			<key>path</key>
			<string>MBMLIgnorableWhitespaceToken.m</string>
			<key>sourceTree</key>
			<string>&lt;group&gt;</string>
		</dict>
		<key>3B8BA75219D9FBEB00996B9F</key>
		<dict>
			<key>fileEncoding</key>
			<string>4</string>
			<key>isa</key>
			<string>PBXFileReference</string>
			<key>lastKnownFileType</key>
			<string>sourcecode.c.h</string>
			<key>path</key>
			<string>MBMLKeywordMatchingToken.h</string>
			<key>sourceTree</key>
			<string>&lt;group&gt;</string>
		</dict>
		<key>3B8BA75319D9FBEB00996B9F</key>
		<dict>
			<key>fileEncoding</key>
			<string>4</string>
			<key>isa</key>
			<string>PBXFileReference</string>
			<key>lastKnownFileType</key>
			<string>sourcecode.c.objc</string>
			<key>path</key>
			<string>MBMLKeywordMatchingToken.m</string>
			<key>sourceTree</key>
			<string>&lt;group&gt;</string>
		</dict>
		<key>3B8BA75419D9FBEB00996B9F</key>
		<dict>
			<key>fileEncoding</key>
			<string>4</string>
			<key>isa</key>
			<string>PBXFileReference</string>
			<key>lastKnownFileType</key>
			<string>sourcecode.c.h</string>
			<key>path</key>
			<string>MBMLLiteralToken.h</string>
			<key>sourceTree</key>
			<string>&lt;group&gt;</string>
		</dict>
		<key>3B8BA75519D9FBEB00996B9F</key>
		<dict>
			<key>fileEncoding</key>
			<string>4</string>
			<key>isa</key>
			<string>PBXFileReference</string>
			<key>lastKnownFileType</key>
			<string>sourcecode.c.objc</string>
			<key>path</key>
			<string>MBMLLiteralToken.m</string>
			<key>sourceTree</key>
			<string>&lt;group&gt;</string>
		</dict>
		<key>3B8BA75619D9FBEB00996B9F</key>
		<dict>
			<key>fileEncoding</key>
			<string>4</string>
			<key>isa</key>
			<string>PBXFileReference</string>
			<key>lastKnownFileType</key>
			<string>sourcecode.c.h</string>
			<key>path</key>
			<string>MBMLMathExpressionToken.h</string>
			<key>sourceTree</key>
			<string>&lt;group&gt;</string>
		</dict>
		<key>3B8BA75719D9FBEB00996B9F</key>
		<dict>
			<key>fileEncoding</key>
			<string>4</string>
			<key>isa</key>
			<string>PBXFileReference</string>
			<key>lastKnownFileType</key>
			<string>sourcecode.c.objc</string>
			<key>path</key>
			<string>MBMLMathExpressionToken.m</string>
			<key>sourceTree</key>
			<string>&lt;group&gt;</string>
		</dict>
		<key>3B8BA75819D9FBEB00996B9F</key>
		<dict>
			<key>fileEncoding</key>
			<string>4</string>
			<key>isa</key>
			<string>PBXFileReference</string>
			<key>lastKnownFileType</key>
			<string>sourcecode.c.h</string>
			<key>path</key>
			<string>MBMLNumericLiteralToken.h</string>
			<key>sourceTree</key>
			<string>&lt;group&gt;</string>
		</dict>
		<key>3B8BA75919D9FBEB00996B9F</key>
		<dict>
			<key>fileEncoding</key>
			<string>4</string>
			<key>isa</key>
			<string>PBXFileReference</string>
			<key>lastKnownFileType</key>
			<string>sourcecode.c.objc</string>
			<key>path</key>
			<string>MBMLNumericLiteralToken.m</string>
			<key>sourceTree</key>
			<string>&lt;group&gt;</string>
		</dict>
		<key>3B8BA75A19D9FBEB00996B9F</key>
		<dict>
			<key>fileEncoding</key>
			<string>4</string>
			<key>isa</key>
			<string>PBXFileReference</string>
			<key>lastKnownFileType</key>
			<string>sourcecode.c.h</string>
			<key>path</key>
			<string>MBMLObjectReferenceToken.h</string>
			<key>sourceTree</key>
			<string>&lt;group&gt;</string>
		</dict>
		<key>3B8BA75B19D9FBEB00996B9F</key>
		<dict>
			<key>fileEncoding</key>
			<string>4</string>
			<key>isa</key>
			<string>PBXFileReference</string>
			<key>lastKnownFileType</key>
			<string>sourcecode.c.objc</string>
			<key>path</key>
			<string>MBMLObjectReferenceToken.m</string>
			<key>sourceTree</key>
			<string>&lt;group&gt;</string>
		</dict>
		<key>3B8BA75C19D9FBEB00996B9F</key>
		<dict>
			<key>fileEncoding</key>
			<string>4</string>
			<key>isa</key>
			<string>PBXFileReference</string>
			<key>lastKnownFileType</key>
			<string>sourcecode.c.h</string>
			<key>path</key>
			<string>MBMLObjectSubreferenceToken.h</string>
			<key>sourceTree</key>
			<string>&lt;group&gt;</string>
		</dict>
		<key>3B8BA75D19D9FBEB00996B9F</key>
		<dict>
			<key>fileEncoding</key>
			<string>4</string>
			<key>isa</key>
			<string>PBXFileReference</string>
			<key>lastKnownFileType</key>
			<string>sourcecode.c.objc</string>
			<key>path</key>
			<string>MBMLObjectSubreferenceToken.m</string>
			<key>sourceTree</key>
			<string>&lt;group&gt;</string>
		</dict>
		<key>3B8BA75E19D9FBEB00996B9F</key>
		<dict>
			<key>fileEncoding</key>
			<string>4</string>
			<key>isa</key>
			<string>PBXFileReference</string>
			<key>lastKnownFileType</key>
			<string>sourcecode.c.h</string>
			<key>path</key>
			<string>MBMLParameterDelimiterToken.h</string>
			<key>sourceTree</key>
			<string>&lt;group&gt;</string>
		</dict>
		<key>3B8BA75F19D9FBEB00996B9F</key>
		<dict>
			<key>fileEncoding</key>
			<string>4</string>
			<key>isa</key>
			<string>PBXFileReference</string>
			<key>lastKnownFileType</key>
			<string>sourcecode.c.objc</string>
			<key>path</key>
			<string>MBMLParameterDelimiterToken.m</string>
			<key>sourceTree</key>
			<string>&lt;group&gt;</string>
		</dict>
		<key>3B8BA76019D9FBEB00996B9F</key>
		<dict>
			<key>fileEncoding</key>
			<string>4</string>
			<key>isa</key>
			<string>PBXFileReference</string>
			<key>lastKnownFileType</key>
			<string>sourcecode.c.h</string>
			<key>path</key>
			<string>MBMLParameterGroupingToken.h</string>
			<key>sourceTree</key>
			<string>&lt;group&gt;</string>
		</dict>
		<key>3B8BA76119D9FBEB00996B9F</key>
		<dict>
			<key>fileEncoding</key>
			<string>4</string>
			<key>isa</key>
			<string>PBXFileReference</string>
			<key>lastKnownFileType</key>
			<string>sourcecode.c.objc</string>
			<key>path</key>
			<string>MBMLParameterGroupingToken.m</string>
			<key>sourceTree</key>
			<string>&lt;group&gt;</string>
		</dict>
		<key>3B8BA76219D9FBEB00996B9F</key>
		<dict>
			<key>fileEncoding</key>
			<string>4</string>
			<key>isa</key>
			<string>PBXFileReference</string>
			<key>lastKnownFileType</key>
			<string>sourcecode.c.h</string>
			<key>path</key>
			<string>MBMLParseToken.h</string>
			<key>sourceTree</key>
			<string>&lt;group&gt;</string>
		</dict>
		<key>3B8BA76319D9FBEB00996B9F</key>
		<dict>
			<key>fileEncoding</key>
			<string>4</string>
			<key>isa</key>
			<string>PBXFileReference</string>
			<key>lastKnownFileType</key>
			<string>sourcecode.c.objc</string>
			<key>path</key>
			<string>MBMLParseToken.m</string>
			<key>sourceTree</key>
			<string>&lt;group&gt;</string>
		</dict>
		<key>3B8BA76419D9FBEB00996B9F</key>
		<dict>
			<key>fileEncoding</key>
			<string>4</string>
			<key>isa</key>
			<string>PBXFileReference</string>
			<key>lastKnownFileType</key>
			<string>sourcecode.c.h</string>
			<key>path</key>
			<string>MBMLVariableReferenceToken.h</string>
			<key>sourceTree</key>
			<string>&lt;group&gt;</string>
		</dict>
		<key>3B8BA76519D9FBEB00996B9F</key>
		<dict>
			<key>fileEncoding</key>
			<string>4</string>
			<key>isa</key>
			<string>PBXFileReference</string>
			<key>lastKnownFileType</key>
			<string>sourcecode.c.objc</string>
			<key>path</key>
			<string>MBMLVariableReferenceToken.m</string>
			<key>sourceTree</key>
			<string>&lt;group&gt;</string>
		</dict>
		<key>3B8BA76619D9FBEB00996B9F</key>
		<dict>
			<key>fileEncoding</key>
			<string>4</string>
			<key>isa</key>
			<string>PBXFileReference</string>
			<key>lastKnownFileType</key>
			<string>sourcecode.c.h</string>
			<key>path</key>
			<string>MBMLWhitespaceToken.h</string>
			<key>sourceTree</key>
			<string>&lt;group&gt;</string>
		</dict>
		<key>3B8BA76719D9FBEB00996B9F</key>
		<dict>
			<key>fileEncoding</key>
			<string>4</string>
			<key>isa</key>
			<string>PBXFileReference</string>
			<key>lastKnownFileType</key>
			<string>sourcecode.c.objc</string>
			<key>path</key>
			<string>MBMLWhitespaceToken.m</string>
			<key>sourceTree</key>
			<string>&lt;group&gt;</string>
		</dict>
		<key>3B8BA76819D9FBEB00996B9F</key>
		<dict>
			<key>fileEncoding</key>
			<string>4</string>
			<key>isa</key>
			<string>PBXFileReference</string>
			<key>lastKnownFileType</key>
			<string>sourcecode.c.h</string>
			<key>path</key>
			<string>OperationTokens.h</string>
			<key>sourceTree</key>
			<string>&lt;group&gt;</string>
		</dict>
		<key>3B8BA76919D9FBEB00996B9F</key>
		<dict>
			<key>children</key>
			<array>
				<string>3B8BA76A19D9FBEB00996B9F</string>
				<string>3B8BA76B19D9FBEB00996B9F</string>
				<string>3B8BA76C19D9FBEB00996B9F</string>
				<string>3B8BA76D19D9FBEB00996B9F</string>
				<string>3B8BA76E19D9FBEB00996B9F</string>
				<string>3B8BA76F19D9FBEB00996B9F</string>
				<string>3B8BA77019D9FBEB00996B9F</string>
				<string>3B8BA77119D9FBEB00996B9F</string>
				<string>3B8BA77219D9FBEB00996B9F</string>
				<string>3B8BA77319D9FBEB00996B9F</string>
				<string>3B8BA77419D9FBEB00996B9F</string>
				<string>3B8BA77519D9FBEB00996B9F</string>
				<string>3B8BA77619D9FBEB00996B9F</string>
				<string>3B8BA77719D9FBEB00996B9F</string>
				<string>3B8BA77819D9FBEB00996B9F</string>
				<string>3B8BA77919D9FBEB00996B9F</string>
				<string>3B8BA77A19D9FBEB00996B9F</string>
				<string>3B8BA77B19D9FBEB00996B9F</string>
				<string>3B8BA77C19D9FBEB00996B9F</string>
				<string>3B8BA77D19D9FBEB00996B9F</string>
				<string>3B8BA77E19D9FBEB00996B9F</string>
				<string>3B8BA77F19D9FBEB00996B9F</string>
			</array>
			<key>isa</key>
			<string>PBXGroup</string>
			<key>path</key>
			<string>Tokens-Boolean</string>
			<key>sourceTree</key>
			<string>&lt;group&gt;</string>
		</dict>
		<key>3B8BA76A19D9FBEB00996B9F</key>
		<dict>
			<key>fileEncoding</key>
			<string>4</string>
			<key>isa</key>
			<string>PBXFileReference</string>
			<key>lastKnownFileType</key>
			<string>sourcecode.c.h</string>
			<key>path</key>
			<string>MBMLBooleanAndOperatorToken.h</string>
			<key>sourceTree</key>
			<string>&lt;group&gt;</string>
		</dict>
		<key>3B8BA76B19D9FBEB00996B9F</key>
		<dict>
			<key>fileEncoding</key>
			<string>4</string>
			<key>isa</key>
			<string>PBXFileReference</string>
			<key>lastKnownFileType</key>
			<string>sourcecode.c.objc</string>
			<key>path</key>
			<string>MBMLBooleanAndOperatorToken.m</string>
			<key>sourceTree</key>
			<string>&lt;group&gt;</string>
		</dict>
		<key>3B8BA76C19D9FBEB00996B9F</key>
		<dict>
			<key>fileEncoding</key>
			<string>4</string>
			<key>isa</key>
			<string>PBXFileReference</string>
			<key>lastKnownFileType</key>
			<string>sourcecode.c.h</string>
			<key>path</key>
			<string>MBMLBooleanGroupingToken.h</string>
			<key>sourceTree</key>
			<string>&lt;group&gt;</string>
		</dict>
		<key>3B8BA76D19D9FBEB00996B9F</key>
		<dict>
			<key>fileEncoding</key>
			<string>4</string>
			<key>isa</key>
			<string>PBXFileReference</string>
			<key>lastKnownFileType</key>
			<string>sourcecode.c.objc</string>
			<key>path</key>
			<string>MBMLBooleanGroupingToken.m</string>
			<key>sourceTree</key>
			<string>&lt;group&gt;</string>
		</dict>
		<key>3B8BA76E19D9FBEB00996B9F</key>
		<dict>
			<key>fileEncoding</key>
			<string>4</string>
			<key>isa</key>
			<string>PBXFileReference</string>
			<key>lastKnownFileType</key>
			<string>sourcecode.c.h</string>
			<key>path</key>
			<string>MBMLBooleanNegationToken.h</string>
			<key>sourceTree</key>
			<string>&lt;group&gt;</string>
		</dict>
		<key>3B8BA76F19D9FBEB00996B9F</key>
		<dict>
			<key>fileEncoding</key>
			<string>4</string>
			<key>isa</key>
			<string>PBXFileReference</string>
			<key>lastKnownFileType</key>
			<string>sourcecode.c.objc</string>
			<key>path</key>
			<string>MBMLBooleanNegationToken.m</string>
			<key>sourceTree</key>
			<string>&lt;group&gt;</string>
		</dict>
		<key>3B8BA77019D9FBEB00996B9F</key>
		<dict>
			<key>fileEncoding</key>
			<string>4</string>
			<key>isa</key>
			<string>PBXFileReference</string>
			<key>lastKnownFileType</key>
			<string>sourcecode.c.h</string>
			<key>path</key>
			<string>MBMLBooleanOperatorToken.h</string>
			<key>sourceTree</key>
			<string>&lt;group&gt;</string>
		</dict>
		<key>3B8BA77119D9FBEB00996B9F</key>
		<dict>
			<key>fileEncoding</key>
			<string>4</string>
			<key>isa</key>
			<string>PBXFileReference</string>
			<key>lastKnownFileType</key>
			<string>sourcecode.c.objc</string>
			<key>path</key>
			<string>MBMLBooleanOperatorToken.m</string>
			<key>sourceTree</key>
			<string>&lt;group&gt;</string>
		</dict>
		<key>3B8BA77219D9FBEB00996B9F</key>
		<dict>
			<key>fileEncoding</key>
			<string>4</string>
			<key>isa</key>
			<string>PBXFileReference</string>
			<key>lastKnownFileType</key>
			<string>sourcecode.c.h</string>
			<key>path</key>
			<string>MBMLBooleanOrOperatorToken.h</string>
			<key>sourceTree</key>
			<string>&lt;group&gt;</string>
		</dict>
		<key>3B8BA77319D9FBEB00996B9F</key>
		<dict>
			<key>fileEncoding</key>
			<string>4</string>
			<key>isa</key>
			<string>PBXFileReference</string>
			<key>lastKnownFileType</key>
			<string>sourcecode.c.objc</string>
			<key>path</key>
			<string>MBMLBooleanOrOperatorToken.m</string>
			<key>sourceTree</key>
			<string>&lt;group&gt;</string>
		</dict>
		<key>3B8BA77419D9FBEB00996B9F</key>
		<dict>
			<key>fileEncoding</key>
			<string>4</string>
			<key>isa</key>
			<string>PBXFileReference</string>
			<key>lastKnownFileType</key>
			<string>sourcecode.c.h</string>
			<key>path</key>
			<string>MBMLEqualityTestToken.h</string>
			<key>sourceTree</key>
			<string>&lt;group&gt;</string>
		</dict>
		<key>3B8BA77519D9FBEB00996B9F</key>
		<dict>
			<key>fileEncoding</key>
			<string>4</string>
			<key>isa</key>
			<string>PBXFileReference</string>
			<key>lastKnownFileType</key>
			<string>sourcecode.c.objc</string>
			<key>path</key>
			<string>MBMLEqualityTestToken.m</string>
			<key>sourceTree</key>
			<string>&lt;group&gt;</string>
		</dict>
		<key>3B8BA77619D9FBEB00996B9F</key>
		<dict>
			<key>fileEncoding</key>
			<string>4</string>
			<key>isa</key>
			<string>PBXFileReference</string>
			<key>lastKnownFileType</key>
			<string>sourcecode.c.h</string>
			<key>path</key>
			<string>MBMLGreaterThanEqualsTestToken.h</string>
			<key>sourceTree</key>
			<string>&lt;group&gt;</string>
		</dict>
		<key>3B8BA77719D9FBEB00996B9F</key>
		<dict>
			<key>fileEncoding</key>
			<string>4</string>
			<key>isa</key>
			<string>PBXFileReference</string>
			<key>lastKnownFileType</key>
			<string>sourcecode.c.objc</string>
			<key>path</key>
			<string>MBMLGreaterThanEqualsTestToken.m</string>
			<key>sourceTree</key>
			<string>&lt;group&gt;</string>
		</dict>
		<key>3B8BA77819D9FBEB00996B9F</key>
		<dict>
			<key>fileEncoding</key>
			<string>4</string>
			<key>isa</key>
			<string>PBXFileReference</string>
			<key>lastKnownFileType</key>
			<string>sourcecode.c.h</string>
			<key>path</key>
			<string>MBMLGreaterThanTestToken.h</string>
			<key>sourceTree</key>
			<string>&lt;group&gt;</string>
		</dict>
		<key>3B8BA77919D9FBEB00996B9F</key>
		<dict>
			<key>fileEncoding</key>
			<string>4</string>
			<key>isa</key>
			<string>PBXFileReference</string>
			<key>lastKnownFileType</key>
			<string>sourcecode.c.objc</string>
			<key>path</key>
			<string>MBMLGreaterThanTestToken.m</string>
			<key>sourceTree</key>
			<string>&lt;group&gt;</string>
		</dict>
		<key>3B8BA77A19D9FBEB00996B9F</key>
		<dict>
			<key>fileEncoding</key>
			<string>4</string>
			<key>isa</key>
			<string>PBXFileReference</string>
			<key>lastKnownFileType</key>
			<string>sourcecode.c.h</string>
			<key>path</key>
			<string>MBMLInequalityTestToken.h</string>
			<key>sourceTree</key>
			<string>&lt;group&gt;</string>
		</dict>
		<key>3B8BA77B19D9FBEB00996B9F</key>
		<dict>
			<key>fileEncoding</key>
			<string>4</string>
			<key>isa</key>
			<string>PBXFileReference</string>
			<key>lastKnownFileType</key>
			<string>sourcecode.c.objc</string>
			<key>path</key>
			<string>MBMLInequalityTestToken.m</string>
			<key>sourceTree</key>
			<string>&lt;group&gt;</string>
		</dict>
		<key>3B8BA77C19D9FBEB00996B9F</key>
		<dict>
			<key>fileEncoding</key>
			<string>4</string>
			<key>isa</key>
			<string>PBXFileReference</string>
			<key>lastKnownFileType</key>
			<string>sourcecode.c.h</string>
			<key>path</key>
			<string>MBMLLessThanEqualsTestToken.h</string>
			<key>sourceTree</key>
			<string>&lt;group&gt;</string>
		</dict>
		<key>3B8BA77D19D9FBEB00996B9F</key>
		<dict>
			<key>fileEncoding</key>
			<string>4</string>
			<key>isa</key>
			<string>PBXFileReference</string>
			<key>lastKnownFileType</key>
			<string>sourcecode.c.objc</string>
			<key>path</key>
			<string>MBMLLessThanEqualsTestToken.m</string>
			<key>sourceTree</key>
			<string>&lt;group&gt;</string>
		</dict>
		<key>3B8BA77E19D9FBEB00996B9F</key>
		<dict>
			<key>fileEncoding</key>
			<string>4</string>
			<key>isa</key>
			<string>PBXFileReference</string>
			<key>lastKnownFileType</key>
			<string>sourcecode.c.h</string>
			<key>path</key>
			<string>MBMLLessThanTestToken.h</string>
			<key>sourceTree</key>
			<string>&lt;group&gt;</string>
		</dict>
		<key>3B8BA77F19D9FBEB00996B9F</key>
		<dict>
			<key>fileEncoding</key>
			<string>4</string>
			<key>isa</key>
			<string>PBXFileReference</string>
			<key>lastKnownFileType</key>
			<string>sourcecode.c.objc</string>
			<key>path</key>
			<string>MBMLLessThanTestToken.m</string>
			<key>sourceTree</key>
			<string>&lt;group&gt;</string>
		</dict>
		<key>3B8BA78019D9FBEB00996B9F</key>
		<dict>
			<key>children</key>
			<array>
				<string>3B8BA78119D9FBEB00996B9F</string>
				<string>3B8BA78219D9FBEB00996B9F</string>
				<string>3B8BA78319D9FBEB00996B9F</string>
				<string>3B8BA78419D9FBEB00996B9F</string>
				<string>3B8BA78519D9FBEB00996B9F</string>
				<string>3B8BA78619D9FBEB00996B9F</string>
				<string>3B8BA78719D9FBEB00996B9F</string>
				<string>3B8BA78819D9FBEB00996B9F</string>
				<string>3B8BA78919D9FBEB00996B9F</string>
				<string>3B8BA78A19D9FBEB00996B9F</string>
				<string>3B8BA78B19D9FBEB00996B9F</string>
				<string>3B8BA78C19D9FBEB00996B9F</string>
			</array>
			<key>isa</key>
			<string>PBXGroup</string>
			<key>path</key>
			<string>Tokens-Math</string>
			<key>sourceTree</key>
			<string>&lt;group&gt;</string>
		</dict>
		<key>3B8BA78119D9FBEB00996B9F</key>
		<dict>
			<key>fileEncoding</key>
			<string>4</string>
			<key>isa</key>
			<string>PBXFileReference</string>
			<key>lastKnownFileType</key>
			<string>sourcecode.c.h</string>
			<key>path</key>
			<string>MBMLAdditionOperatorToken.h</string>
			<key>sourceTree</key>
			<string>&lt;group&gt;</string>
		</dict>
		<key>3B8BA78219D9FBEB00996B9F</key>
		<dict>
			<key>fileEncoding</key>
			<string>4</string>
			<key>isa</key>
			<string>PBXFileReference</string>
			<key>lastKnownFileType</key>
			<string>sourcecode.c.objc</string>
			<key>path</key>
			<string>MBMLAdditionOperatorToken.m</string>
			<key>sourceTree</key>
			<string>&lt;group&gt;</string>
		</dict>
		<key>3B8BA78319D9FBEB00996B9F</key>
		<dict>
			<key>fileEncoding</key>
			<string>4</string>
			<key>isa</key>
			<string>PBXFileReference</string>
			<key>lastKnownFileType</key>
			<string>sourcecode.c.h</string>
			<key>path</key>
			<string>MBMLDivisionOperatorToken.h</string>
			<key>sourceTree</key>
			<string>&lt;group&gt;</string>
		</dict>
		<key>3B8BA78419D9FBEB00996B9F</key>
		<dict>
			<key>fileEncoding</key>
			<string>4</string>
			<key>isa</key>
			<string>PBXFileReference</string>
			<key>lastKnownFileType</key>
			<string>sourcecode.c.objc</string>
			<key>path</key>
			<string>MBMLDivisionOperatorToken.m</string>
			<key>sourceTree</key>
			<string>&lt;group&gt;</string>
		</dict>
		<key>3B8BA78519D9FBEB00996B9F</key>
		<dict>
			<key>fileEncoding</key>
			<string>4</string>
			<key>isa</key>
			<string>PBXFileReference</string>
			<key>lastKnownFileType</key>
			<string>sourcecode.c.h</string>
			<key>path</key>
			<string>MBMLMathGroupingToken.h</string>
			<key>sourceTree</key>
			<string>&lt;group&gt;</string>
		</dict>
		<key>3B8BA78619D9FBEB00996B9F</key>
		<dict>
			<key>fileEncoding</key>
			<string>4</string>
			<key>isa</key>
			<string>PBXFileReference</string>
			<key>lastKnownFileType</key>
			<string>sourcecode.c.objc</string>
			<key>path</key>
			<string>MBMLMathGroupingToken.m</string>
			<key>sourceTree</key>
			<string>&lt;group&gt;</string>
		</dict>
		<key>3B8BA78719D9FBEB00996B9F</key>
		<dict>
			<key>fileEncoding</key>
			<string>4</string>
			<key>isa</key>
			<string>PBXFileReference</string>
			<key>lastKnownFileType</key>
			<string>sourcecode.c.h</string>
			<key>path</key>
			<string>MBMLMathOperatorToken.h</string>
			<key>sourceTree</key>
			<string>&lt;group&gt;</string>
		</dict>
		<key>3B8BA78819D9FBEB00996B9F</key>
		<dict>
			<key>fileEncoding</key>
			<string>4</string>
			<key>isa</key>
			<string>PBXFileReference</string>
			<key>lastKnownFileType</key>
			<string>sourcecode.c.objc</string>
			<key>path</key>
			<string>MBMLMathOperatorToken.m</string>
			<key>sourceTree</key>
			<string>&lt;group&gt;</string>
		</dict>
		<key>3B8BA78919D9FBEB00996B9F</key>
		<dict>
			<key>fileEncoding</key>
			<string>4</string>
			<key>isa</key>
			<string>PBXFileReference</string>
			<key>lastKnownFileType</key>
			<string>sourcecode.c.h</string>
			<key>path</key>
			<string>MBMLMultiplicationOperatorToken.h</string>
			<key>sourceTree</key>
			<string>&lt;group&gt;</string>
		</dict>
		<key>3B8BA78A19D9FBEB00996B9F</key>
		<dict>
			<key>fileEncoding</key>
			<string>4</string>
			<key>isa</key>
			<string>PBXFileReference</string>
			<key>lastKnownFileType</key>
			<string>sourcecode.c.objc</string>
			<key>path</key>
			<string>MBMLMultiplicationOperatorToken.m</string>
			<key>sourceTree</key>
			<string>&lt;group&gt;</string>
		</dict>
		<key>3B8BA78B19D9FBEB00996B9F</key>
		<dict>
			<key>fileEncoding</key>
			<string>4</string>
			<key>isa</key>
			<string>PBXFileReference</string>
			<key>lastKnownFileType</key>
			<string>sourcecode.c.h</string>
			<key>path</key>
			<string>MBMLSubtractionOperatorToken.h</string>
			<key>sourceTree</key>
			<string>&lt;group&gt;</string>
		</dict>
		<key>3B8BA78C19D9FBEB00996B9F</key>
		<dict>
			<key>fileEncoding</key>
			<string>4</string>
			<key>isa</key>
			<string>PBXFileReference</string>
			<key>lastKnownFileType</key>
			<string>sourcecode.c.objc</string>
			<key>path</key>
			<string>MBMLSubtractionOperatorToken.m</string>
			<key>sourceTree</key>
			<string>&lt;group&gt;</string>
		</dict>
		<key>3B8BA78D19D9FBEB00996B9F</key>
		<dict>
			<key>children</key>
			<array>
				<string>3B8BA78E19D9FBEB00996B9F</string>
				<string>3B8BA7AD19D9FBEB00996B9F</string>
				<string>3B8BA7AE19D9FBEB00996B9F</string>
			</array>
			<key>isa</key>
			<string>PBXGroup</string>
			<key>path</key>
			<string>Functions</string>
			<key>sourceTree</key>
			<string>&lt;group&gt;</string>
		</dict>
		<key>3B8BA78E19D9FBEB00996B9F</key>
		<dict>
			<key>children</key>
			<array>
				<string>3B8BA78F19D9FBEB00996B9F</string>
				<string>3B8BA79019D9FBEB00996B9F</string>
				<string>3B8BA79119D9FBEB00996B9F</string>
				<string>3B8BA79219D9FBEB00996B9F</string>
				<string>3B8BA79319D9FBEB00996B9F</string>
				<string>3B8BA79419D9FBEB00996B9F</string>
				<string>3B8BA79519D9FBEB00996B9F</string>
				<string>3B8BA79619D9FBEB00996B9F</string>
				<string>3B8BA79719D9FBEB00996B9F</string>
				<string>3B8BA79819D9FBEB00996B9F</string>
				<string>3B8BA79919D9FBEB00996B9F</string>
				<string>3B8BA79A19D9FBEB00996B9F</string>
				<string>3B8BA79B19D9FBEB00996B9F</string>
				<string>3B8BA79C19D9FBEB00996B9F</string>
				<string>3B8BA79D19D9FBEB00996B9F</string>
				<string>3B8BA79E19D9FBEB00996B9F</string>
				<string>3B8BA79F19D9FBEB00996B9F</string>
				<string>3B8BA7A019D9FBEB00996B9F</string>
				<string>3B8BA7A119D9FBEB00996B9F</string>
				<string>3B8BA7A219D9FBEB00996B9F</string>
				<string>3B8BA7A319D9FBEB00996B9F</string>
				<string>3B8BA7A419D9FBEB00996B9F</string>
				<string>3B8BA7A519D9FBEB00996B9F</string>
				<string>3B8BA7A619D9FBEB00996B9F</string>
				<string>3B8BA7A719D9FBEB00996B9F</string>
				<string>3B8BA7A819D9FBEB00996B9F</string>
				<string>3B8BA7A919D9FBEB00996B9F</string>
				<string>3B8BA7AA19D9FBEB00996B9F</string>
				<string>3B8BA7AB19D9FBEB00996B9F</string>
				<string>3B8BA7AC19D9FBEB00996B9F</string>
			</array>
			<key>isa</key>
			<string>PBXGroup</string>
			<key>path</key>
			<string>Implementation</string>
			<key>sourceTree</key>
			<string>&lt;group&gt;</string>
		</dict>
		<key>3B8BA78F19D9FBEB00996B9F</key>
		<dict>
			<key>fileEncoding</key>
			<string>4</string>
			<key>isa</key>
			<string>PBXFileReference</string>
			<key>lastKnownFileType</key>
			<string>sourcecode.c.h</string>
			<key>path</key>
			<string>MBMLCollectionFunctions.h</string>
			<key>sourceTree</key>
			<string>&lt;group&gt;</string>
		</dict>
		<key>3B8BA79019D9FBEB00996B9F</key>
		<dict>
			<key>fileEncoding</key>
			<string>4</string>
			<key>isa</key>
			<string>PBXFileReference</string>
			<key>lastKnownFileType</key>
			<string>sourcecode.c.objc</string>
			<key>path</key>
			<string>MBMLCollectionFunctions.m</string>
			<key>sourceTree</key>
			<string>&lt;group&gt;</string>
		</dict>
		<key>3B8BA79119D9FBEB00996B9F</key>
		<dict>
			<key>fileEncoding</key>
			<string>4</string>
			<key>isa</key>
			<string>PBXFileReference</string>
			<key>lastKnownFileType</key>
			<string>sourcecode.c.h</string>
			<key>path</key>
			<string>MBMLDataProcessingFunctions.h</string>
			<key>sourceTree</key>
			<string>&lt;group&gt;</string>
		</dict>
		<key>3B8BA79219D9FBEB00996B9F</key>
		<dict>
			<key>fileEncoding</key>
			<string>4</string>
			<key>isa</key>
			<string>PBXFileReference</string>
			<key>lastKnownFileType</key>
			<string>sourcecode.c.objc</string>
			<key>path</key>
			<string>MBMLDataProcessingFunctions.m</string>
			<key>sourceTree</key>
			<string>&lt;group&gt;</string>
		</dict>
		<key>3B8BA79319D9FBEB00996B9F</key>
		<dict>
			<key>fileEncoding</key>
			<string>4</string>
			<key>isa</key>
			<string>PBXFileReference</string>
			<key>lastKnownFileType</key>
			<string>sourcecode.c.h</string>
			<key>path</key>
			<string>MBMLDateFunctions.h</string>
			<key>sourceTree</key>
			<string>&lt;group&gt;</string>
		</dict>
		<key>3B8BA79419D9FBEB00996B9F</key>
		<dict>
			<key>fileEncoding</key>
			<string>4</string>
			<key>isa</key>
			<string>PBXFileReference</string>
			<key>lastKnownFileType</key>
			<string>sourcecode.c.objc</string>
			<key>path</key>
			<string>MBMLDateFunctions.m</string>
			<key>sourceTree</key>
			<string>&lt;group&gt;</string>
		</dict>
		<key>3B8BA79519D9FBEB00996B9F</key>
		<dict>
			<key>fileEncoding</key>
			<string>4</string>
			<key>isa</key>
			<string>PBXFileReference</string>
			<key>lastKnownFileType</key>
			<string>sourcecode.c.h</string>
			<key>path</key>
			<string>MBMLDebugFunctions.h</string>
			<key>sourceTree</key>
			<string>&lt;group&gt;</string>
		</dict>
		<key>3B8BA79619D9FBEB00996B9F</key>
		<dict>
			<key>fileEncoding</key>
			<string>4</string>
			<key>isa</key>
			<string>PBXFileReference</string>
			<key>lastKnownFileType</key>
			<string>sourcecode.c.objc</string>
			<key>path</key>
			<string>MBMLDebugFunctions.m</string>
			<key>sourceTree</key>
			<string>&lt;group&gt;</string>
		</dict>
		<key>3B8BA79719D9FBEB00996B9F</key>
		<dict>
			<key>fileEncoding</key>
			<string>4</string>
			<key>isa</key>
			<string>PBXFileReference</string>
			<key>lastKnownFileType</key>
			<string>sourcecode.c.h</string>
			<key>path</key>
			<string>MBMLEncodingFunctions.h</string>
			<key>sourceTree</key>
			<string>&lt;group&gt;</string>
		</dict>
		<key>3B8BA79819D9FBEB00996B9F</key>
		<dict>
			<key>fileEncoding</key>
			<string>4</string>
			<key>isa</key>
			<string>PBXFileReference</string>
			<key>lastKnownFileType</key>
			<string>sourcecode.c.objc</string>
			<key>path</key>
			<string>MBMLEncodingFunctions.m</string>
			<key>sourceTree</key>
			<string>&lt;group&gt;</string>
		</dict>
		<key>3B8BA79919D9FBEB00996B9F</key>
		<dict>
			<key>fileEncoding</key>
			<string>4</string>
			<key>isa</key>
			<string>PBXFileReference</string>
			<key>lastKnownFileType</key>
			<string>sourcecode.c.h</string>
			<key>path</key>
			<string>MBMLEnvironmentFunctions.h</string>
			<key>sourceTree</key>
			<string>&lt;group&gt;</string>
		</dict>
		<key>3B8BA79A19D9FBEB00996B9F</key>
		<dict>
			<key>fileEncoding</key>
			<string>4</string>
			<key>isa</key>
			<string>PBXFileReference</string>
			<key>lastKnownFileType</key>
			<string>sourcecode.c.objc</string>
			<key>path</key>
			<string>MBMLEnvironmentFunctions.m</string>
			<key>sourceTree</key>
			<string>&lt;group&gt;</string>
		</dict>
		<key>3B8BA79B19D9FBEB00996B9F</key>
		<dict>
			<key>fileEncoding</key>
			<string>4</string>
			<key>isa</key>
			<string>PBXFileReference</string>
			<key>lastKnownFileType</key>
			<string>sourcecode.c.h</string>
			<key>path</key>
			<string>MBMLFileFunctions.h</string>
			<key>sourceTree</key>
			<string>&lt;group&gt;</string>
		</dict>
		<key>3B8BA79C19D9FBEB00996B9F</key>
		<dict>
			<key>fileEncoding</key>
			<string>4</string>
			<key>isa</key>
			<string>PBXFileReference</string>
			<key>lastKnownFileType</key>
			<string>sourcecode.c.objc</string>
			<key>path</key>
			<string>MBMLFileFunctions.m</string>
			<key>sourceTree</key>
			<string>&lt;group&gt;</string>
		</dict>
		<key>3B8BA79D19D9FBEB00996B9F</key>
		<dict>
			<key>fileEncoding</key>
			<string>4</string>
			<key>isa</key>
			<string>PBXFileReference</string>
			<key>lastKnownFileType</key>
			<string>sourcecode.c.h</string>
			<key>path</key>
			<string>MBMLFontFunctions.h</string>
			<key>sourceTree</key>
			<string>&lt;group&gt;</string>
		</dict>
		<key>3B8BA79E19D9FBEB00996B9F</key>
		<dict>
			<key>fileEncoding</key>
			<string>4</string>
			<key>isa</key>
			<string>PBXFileReference</string>
			<key>lastKnownFileType</key>
			<string>sourcecode.c.objc</string>
			<key>path</key>
			<string>MBMLFontFunctions.m</string>
			<key>sourceTree</key>
			<string>&lt;group&gt;</string>
		</dict>
		<key>3B8BA79F19D9FBEB00996B9F</key>
		<dict>
			<key>fileEncoding</key>
			<string>4</string>
			<key>isa</key>
			<string>PBXFileReference</string>
			<key>lastKnownFileType</key>
			<string>sourcecode.c.h</string>
			<key>path</key>
			<string>MBMLGeometryFunctions.h</string>
			<key>sourceTree</key>
			<string>&lt;group&gt;</string>
		</dict>
		<key>3B8BA7A019D9FBEB00996B9F</key>
		<dict>
			<key>fileEncoding</key>
			<string>4</string>
			<key>isa</key>
			<string>PBXFileReference</string>
			<key>lastKnownFileType</key>
			<string>sourcecode.c.objc</string>
			<key>path</key>
			<string>MBMLGeometryFunctions.m</string>
			<key>sourceTree</key>
			<string>&lt;group&gt;</string>
		</dict>
		<key>3B8BA7A119D9FBEB00996B9F</key>
		<dict>
			<key>fileEncoding</key>
			<string>4</string>
			<key>isa</key>
			<string>PBXFileReference</string>
			<key>lastKnownFileType</key>
			<string>sourcecode.c.h</string>
			<key>path</key>
			<string>MBMLLogicFunctions.h</string>
			<key>sourceTree</key>
			<string>&lt;group&gt;</string>
		</dict>
		<key>3B8BA7A219D9FBEB00996B9F</key>
		<dict>
			<key>fileEncoding</key>
			<string>4</string>
			<key>isa</key>
			<string>PBXFileReference</string>
			<key>lastKnownFileType</key>
			<string>sourcecode.c.objc</string>
			<key>path</key>
			<string>MBMLLogicFunctions.m</string>
			<key>sourceTree</key>
			<string>&lt;group&gt;</string>
		</dict>
		<key>3B8BA7A319D9FBEB00996B9F</key>
		<dict>
			<key>fileEncoding</key>
			<string>4</string>
			<key>isa</key>
			<string>PBXFileReference</string>
			<key>lastKnownFileType</key>
			<string>sourcecode.c.h</string>
			<key>path</key>
			<string>MBMLMathFunctions.h</string>
			<key>sourceTree</key>
			<string>&lt;group&gt;</string>
		</dict>
		<key>3B8BA7A419D9FBEB00996B9F</key>
		<dict>
			<key>fileEncoding</key>
			<string>4</string>
			<key>isa</key>
			<string>PBXFileReference</string>
			<key>lastKnownFileType</key>
			<string>sourcecode.c.objc</string>
			<key>path</key>
			<string>MBMLMathFunctions.m</string>
			<key>sourceTree</key>
			<string>&lt;group&gt;</string>
		</dict>
		<key>3B8BA7A519D9FBEB00996B9F</key>
		<dict>
			<key>fileEncoding</key>
			<string>4</string>
			<key>isa</key>
			<string>PBXFileReference</string>
			<key>lastKnownFileType</key>
			<string>sourcecode.c.h</string>
			<key>path</key>
			<string>MBMLRegexFunctions.h</string>
			<key>sourceTree</key>
			<string>&lt;group&gt;</string>
		</dict>
		<key>3B8BA7A619D9FBEB00996B9F</key>
		<dict>
			<key>fileEncoding</key>
			<string>4</string>
			<key>isa</key>
			<string>PBXFileReference</string>
			<key>lastKnownFileType</key>
			<string>sourcecode.c.objc</string>
			<key>path</key>
			<string>MBMLRegexFunctions.m</string>
			<key>sourceTree</key>
			<string>&lt;group&gt;</string>
		</dict>
		<key>3B8BA7A719D9FBEB00996B9F</key>
		<dict>
			<key>fileEncoding</key>
			<string>4</string>
			<key>isa</key>
			<string>PBXFileReference</string>
			<key>lastKnownFileType</key>
			<string>sourcecode.c.h</string>
			<key>path</key>
			<string>MBMLResourceFunctions.h</string>
			<key>sourceTree</key>
			<string>&lt;group&gt;</string>
		</dict>
		<key>3B8BA7A819D9FBEB00996B9F</key>
		<dict>
			<key>fileEncoding</key>
			<string>4</string>
			<key>isa</key>
			<string>PBXFileReference</string>
			<key>lastKnownFileType</key>
			<string>sourcecode.c.objc</string>
			<key>path</key>
			<string>MBMLResourceFunctions.m</string>
			<key>sourceTree</key>
			<string>&lt;group&gt;</string>
		</dict>
		<key>3B8BA7A919D9FBEB00996B9F</key>
		<dict>
			<key>fileEncoding</key>
			<string>4</string>
			<key>isa</key>
			<string>PBXFileReference</string>
			<key>lastKnownFileType</key>
			<string>sourcecode.c.h</string>
			<key>path</key>
			<string>MBMLRuntimeFunctions.h</string>
			<key>sourceTree</key>
			<string>&lt;group&gt;</string>
		</dict>
		<key>3B8BA7AA19D9FBEB00996B9F</key>
		<dict>
			<key>fileEncoding</key>
			<string>4</string>
			<key>isa</key>
			<string>PBXFileReference</string>
			<key>lastKnownFileType</key>
			<string>sourcecode.c.objc</string>
			<key>path</key>
			<string>MBMLRuntimeFunctions.m</string>
			<key>sourceTree</key>
			<string>&lt;group&gt;</string>
		</dict>
		<key>3B8BA7AB19D9FBEB00996B9F</key>
		<dict>
			<key>fileEncoding</key>
			<string>4</string>
			<key>isa</key>
			<string>PBXFileReference</string>
			<key>lastKnownFileType</key>
			<string>sourcecode.c.h</string>
			<key>path</key>
			<string>MBMLStringFunctions.h</string>
			<key>sourceTree</key>
			<string>&lt;group&gt;</string>
		</dict>
		<key>3B8BA7AC19D9FBEB00996B9F</key>
		<dict>
			<key>fileEncoding</key>
			<string>4</string>
			<key>isa</key>
			<string>PBXFileReference</string>
			<key>lastKnownFileType</key>
			<string>sourcecode.c.objc</string>
			<key>path</key>
			<string>MBMLStringFunctions.m</string>
			<key>sourceTree</key>
			<string>&lt;group&gt;</string>
		</dict>
		<key>3B8BA7AD19D9FBEB00996B9F</key>
		<dict>
			<key>fileEncoding</key>
			<string>4</string>
			<key>isa</key>
			<string>PBXFileReference</string>
			<key>lastKnownFileType</key>
			<string>sourcecode.c.h</string>
			<key>path</key>
			<string>MBMLFunction.h</string>
			<key>sourceTree</key>
			<string>&lt;group&gt;</string>
		</dict>
		<key>3B8BA7AE19D9FBEB00996B9F</key>
		<dict>
			<key>fileEncoding</key>
			<string>4</string>
			<key>isa</key>
			<string>PBXFileReference</string>
			<key>lastKnownFileType</key>
			<string>sourcecode.c.objc</string>
			<key>path</key>
			<string>MBMLFunction.m</string>
			<key>sourceTree</key>
			<string>&lt;group&gt;</string>
		</dict>
		<key>3B8BA7AF19D9FBEB00996B9F</key>
		<dict>
			<key>fileEncoding</key>
			<string>4</string>
			<key>isa</key>
			<string>PBXFileReference</string>
			<key>lastKnownFileType</key>
			<string>sourcecode.c.h</string>
			<key>path</key>
			<string>Mockingbird-DataEnvironment.h</string>
			<key>sourceTree</key>
			<string>&lt;group&gt;</string>
		</dict>
		<key>3B8BA7B019D9FBEB00996B9F</key>
		<dict>
			<key>children</key>
			<array>
				<string>3B8BA7B119D9FBEB00996B9F</string>
				<string>3B8BA7B219D9FBEB00996B9F</string>
				<string>3B8BA7B319D9FBEB00996B9F</string>
				<string>3B8BA7B419D9FBEB00996B9F</string>
			</array>
			<key>isa</key>
			<string>PBXGroup</string>
			<key>path</key>
			<string>Module</string>
			<key>sourceTree</key>
			<string>&lt;group&gt;</string>
		</dict>
		<key>3B8BA7B119D9FBEB00996B9F</key>
		<dict>
			<key>fileEncoding</key>
			<string>4</string>
			<key>isa</key>
			<string>PBXFileReference</string>
			<key>lastKnownFileType</key>
			<string>sourcecode.c.h</string>
			<key>path</key>
			<string>MBDataEnvironment.h</string>
			<key>sourceTree</key>
			<string>&lt;group&gt;</string>
		</dict>
		<key>3B8BA7B219D9FBEB00996B9F</key>
		<dict>
			<key>fileEncoding</key>
			<string>4</string>
			<key>isa</key>
			<string>PBXFileReference</string>
			<key>lastKnownFileType</key>
			<string>sourcecode.c.objc</string>
			<key>path</key>
			<string>MBDataEnvironment.m</string>
			<key>sourceTree</key>
			<string>&lt;group&gt;</string>
		</dict>
		<key>3B8BA7B319D9FBEB00996B9F</key>
		<dict>
			<key>fileEncoding</key>
			<string>4</string>
			<key>isa</key>
			<string>PBXFileReference</string>
			<key>lastKnownFileType</key>
			<string>sourcecode.c.h</string>
			<key>path</key>
			<string>MBDataEnvironmentConstants.h</string>
			<key>sourceTree</key>
			<string>&lt;group&gt;</string>
		</dict>
		<key>3B8BA7B419D9FBEB00996B9F</key>
		<dict>
			<key>fileEncoding</key>
			<string>4</string>
			<key>isa</key>
			<string>PBXFileReference</string>
			<key>lastKnownFileType</key>
			<string>sourcecode.c.objc</string>
			<key>path</key>
			<string>MBDataEnvironmentConstants.m</string>
			<key>sourceTree</key>
			<string>&lt;group&gt;</string>
		</dict>
		<key>3B8BA7B519D9FBEB00996B9F</key>
		<dict>
			<key>children</key>
			<array>
				<string>3B8BA7B619D9FBEB00996B9F</string>
				<string>3B8BA7B719D9FBEB00996B9F</string>
				<string>3B8BA7B819D9FBEB00996B9F</string>
				<string>3B8BA7B919D9FBEB00996B9F</string>
			</array>
			<key>isa</key>
			<string>PBXGroup</string>
			<key>path</key>
			<string>TypeConversion</string>
			<key>sourceTree</key>
			<string>&lt;group&gt;</string>
		</dict>
		<key>3B8BA7B619D9FBEB00996B9F</key>
		<dict>
			<key>fileEncoding</key>
			<string>4</string>
			<key>isa</key>
			<string>PBXFileReference</string>
			<key>lastKnownFileType</key>
			<string>sourcecode.c.h</string>
			<key>path</key>
			<string>MBStringConversions.h</string>
			<key>sourceTree</key>
			<string>&lt;group&gt;</string>
		</dict>
		<key>3B8BA7B719D9FBEB00996B9F</key>
		<dict>
			<key>fileEncoding</key>
			<string>4</string>
			<key>isa</key>
			<string>PBXFileReference</string>
			<key>lastKnownFileType</key>
			<string>sourcecode.c.objc</string>
			<key>path</key>
			<string>MBStringConversions.m</string>
			<key>sourceTree</key>
			<string>&lt;group&gt;</string>
		</dict>
		<key>3B8BA7B819D9FBEB00996B9F</key>
		<dict>
			<key>fileEncoding</key>
			<string>4</string>
			<key>isa</key>
			<string>PBXFileReference</string>
			<key>lastKnownFileType</key>
			<string>sourcecode.c.h</string>
			<key>path</key>
			<string>TypeCoercionSupport.h</string>
			<key>sourceTree</key>
			<string>&lt;group&gt;</string>
		</dict>
		<key>3B8BA7B919D9FBEB00996B9F</key>
		<dict>
			<key>fileEncoding</key>
			<string>4</string>
			<key>isa</key>
			<string>PBXFileReference</string>
			<key>lastKnownFileType</key>
			<string>sourcecode.c.objc</string>
			<key>path</key>
			<string>TypeCoercionSupport.m</string>
			<key>sourceTree</key>
			<string>&lt;group&gt;</string>
		</dict>
		<key>3B8BA7BA19D9FBEB00996B9F</key>
		<dict>
			<key>children</key>
			<array>
				<string>3B8BA7BB19D9FBEB00996B9F</string>
				<string>3B8BA7BC19D9FBEB00996B9F</string>
				<string>3B8BA7BD19D9FBEB00996B9F</string>
				<string>3B8BA7BE19D9FBEB00996B9F</string>
				<string>3B8BA7BF19D9FBEB00996B9F</string>
				<string>3B8BA7C019D9FBEB00996B9F</string>
			</array>
			<key>isa</key>
			<string>PBXGroup</string>
			<key>path</key>
			<string>VariableSpace</string>
			<key>sourceTree</key>
			<string>&lt;group&gt;</string>
		</dict>
		<key>3B8BA7BB19D9FBEB00996B9F</key>
		<dict>
			<key>fileEncoding</key>
			<string>4</string>
			<key>isa</key>
			<string>PBXFileReference</string>
			<key>lastKnownFileType</key>
			<string>sourcecode.c.h</string>
			<key>path</key>
			<string>MBScopedVariables.h</string>
			<key>sourceTree</key>
			<string>&lt;group&gt;</string>
		</dict>
		<key>3B8BA7BC19D9FBEB00996B9F</key>
		<dict>
			<key>fileEncoding</key>
			<string>4</string>
			<key>isa</key>
			<string>PBXFileReference</string>
			<key>lastKnownFileType</key>
			<string>sourcecode.c.objc</string>
			<key>path</key>
			<string>MBScopedVariables.m</string>
			<key>sourceTree</key>
			<string>&lt;group&gt;</string>
		</dict>
		<key>3B8BA7BD19D9FBEB00996B9F</key>
		<dict>
			<key>fileEncoding</key>
			<string>4</string>
			<key>isa</key>
			<string>PBXFileReference</string>
			<key>lastKnownFileType</key>
			<string>sourcecode.c.h</string>
			<key>path</key>
			<string>MBVariableDeclaration.h</string>
			<key>sourceTree</key>
			<string>&lt;group&gt;</string>
		</dict>
		<key>3B8BA7BE19D9FBEB00996B9F</key>
		<dict>
			<key>fileEncoding</key>
			<string>4</string>
			<key>isa</key>
			<string>PBXFileReference</string>
			<key>lastKnownFileType</key>
			<string>sourcecode.c.objc</string>
			<key>path</key>
			<string>MBVariableDeclaration.m</string>
			<key>sourceTree</key>
			<string>&lt;group&gt;</string>
		</dict>
		<key>3B8BA7BF19D9FBEB00996B9F</key>
		<dict>
			<key>fileEncoding</key>
			<string>4</string>
			<key>isa</key>
			<string>PBXFileReference</string>
			<key>lastKnownFileType</key>
			<string>sourcecode.c.h</string>
			<key>path</key>
			<string>MBVariableSpace.h</string>
			<key>sourceTree</key>
			<string>&lt;group&gt;</string>
		</dict>
		<key>3B8BA7C019D9FBEB00996B9F</key>
		<dict>
			<key>fileEncoding</key>
			<string>4</string>
			<key>isa</key>
			<string>PBXFileReference</string>
			<key>lastKnownFileType</key>
			<string>sourcecode.c.objc</string>
			<key>path</key>
			<string>MBVariableSpace.m</string>
			<key>sourceTree</key>
			<string>&lt;group&gt;</string>
		</dict>
		<key>3B8BA7C119D9FBEB00996B9F</key>
		<dict>
			<key>fileRef</key>
			<string>3B8BA72D19D9FBEB00996B9F</string>
			<key>isa</key>
			<string>PBXBuildFile</string>
		</dict>
		<key>3B8BA7C219D9FBEB00996B9F</key>
		<dict>
			<key>fileRef</key>
			<string>3B8BA72F19D9FBEB00996B9F</string>
			<key>isa</key>
			<string>PBXBuildFile</string>
		</dict>
		<key>3B8BA7C319D9FBEB00996B9F</key>
		<dict>
			<key>fileRef</key>
			<string>3B8BA73219D9FBEB00996B9F</string>
			<key>isa</key>
			<string>PBXBuildFile</string>
		</dict>
		<key>3B8BA7C419D9FBEB00996B9F</key>
		<dict>
			<key>fileRef</key>
			<string>3B8BA73519D9FBEB00996B9F</string>
			<key>isa</key>
			<string>PBXBuildFile</string>
		</dict>
		<key>3B8BA7C519D9FBEB00996B9F</key>
		<dict>
			<key>fileRef</key>
			<string>3B8BA73719D9FBEB00996B9F</string>
			<key>isa</key>
			<string>PBXBuildFile</string>
		</dict>
		<key>3B8BA7C619D9FBEB00996B9F</key>
		<dict>
			<key>fileRef</key>
			<string>3B8BA73A19D9FBEB00996B9F</string>
			<key>isa</key>
			<string>PBXBuildFile</string>
		</dict>
		<key>3B8BA7C719D9FBEB00996B9F</key>
		<dict>
			<key>fileRef</key>
			<string>3B8BA73D19D9FBEB00996B9F</string>
			<key>isa</key>
			<string>PBXBuildFile</string>
		</dict>
		<key>3B8BA7C819D9FBEB00996B9F</key>
		<dict>
			<key>fileRef</key>
			<string>3B8BA73F19D9FBEB00996B9F</string>
			<key>isa</key>
			<string>PBXBuildFile</string>
		</dict>
		<key>3B8BA7C919D9FBEB00996B9F</key>
		<dict>
			<key>fileRef</key>
			<string>3B8BA74119D9FBEB00996B9F</string>
			<key>isa</key>
			<string>PBXBuildFile</string>
		</dict>
		<key>3B8BA7CA19D9FBEB00996B9F</key>
		<dict>
			<key>fileRef</key>
			<string>3B8BA74319D9FBEB00996B9F</string>
			<key>isa</key>
			<string>PBXBuildFile</string>
		</dict>
		<key>3B8BA7CB19D9FBEB00996B9F</key>
		<dict>
			<key>fileRef</key>
			<string>3B8BA74619D9FBEB00996B9F</string>
			<key>isa</key>
			<string>PBXBuildFile</string>
		</dict>
		<key>3B8BA7CC19D9FBEB00996B9F</key>
		<dict>
			<key>fileRef</key>
			<string>3B8BA74819D9FBEB00996B9F</string>
			<key>isa</key>
			<string>PBXBuildFile</string>
		</dict>
		<key>3B8BA7CD19D9FBEB00996B9F</key>
		<dict>
			<key>fileRef</key>
			<string>3B8BA74B19D9FBEB00996B9F</string>
			<key>isa</key>
			<string>PBXBuildFile</string>
		</dict>
		<key>3B8BA7CE19D9FBEB00996B9F</key>
		<dict>
			<key>fileRef</key>
			<string>3B8BA74D19D9FBEB00996B9F</string>
			<key>isa</key>
			<string>PBXBuildFile</string>
		</dict>
		<key>3B8BA7CF19D9FBEB00996B9F</key>
		<dict>
			<key>fileRef</key>
			<string>3B8BA74F19D9FBEB00996B9F</string>
			<key>isa</key>
			<string>PBXBuildFile</string>
		</dict>
		<key>3B8BA7D019D9FBEB00996B9F</key>
		<dict>
			<key>fileRef</key>
			<string>3B8BA75119D9FBEB00996B9F</string>
			<key>isa</key>
			<string>PBXBuildFile</string>
		</dict>
		<key>3B8BA7D119D9FBEB00996B9F</key>
		<dict>
			<key>fileRef</key>
			<string>3B8BA75319D9FBEB00996B9F</string>
			<key>isa</key>
			<string>PBXBuildFile</string>
		</dict>
		<key>3B8BA7D219D9FBEB00996B9F</key>
		<dict>
			<key>fileRef</key>
			<string>3B8BA75519D9FBEB00996B9F</string>
			<key>isa</key>
			<string>PBXBuildFile</string>
		</dict>
		<key>3B8BA7D319D9FBEB00996B9F</key>
		<dict>
			<key>fileRef</key>
			<string>3B8BA75719D9FBEB00996B9F</string>
			<key>isa</key>
			<string>PBXBuildFile</string>
		</dict>
		<key>3B8BA7D419D9FBEB00996B9F</key>
		<dict>
			<key>fileRef</key>
			<string>3B8BA75919D9FBEB00996B9F</string>
			<key>isa</key>
			<string>PBXBuildFile</string>
		</dict>
		<key>3B8BA7D519D9FBEB00996B9F</key>
		<dict>
			<key>fileRef</key>
			<string>3B8BA75B19D9FBEB00996B9F</string>
			<key>isa</key>
			<string>PBXBuildFile</string>
		</dict>
		<key>3B8BA7D619D9FBEB00996B9F</key>
		<dict>
			<key>fileRef</key>
			<string>3B8BA75D19D9FBEB00996B9F</string>
			<key>isa</key>
			<string>PBXBuildFile</string>
		</dict>
		<key>3B8BA7D719D9FBEB00996B9F</key>
		<dict>
			<key>fileRef</key>
			<string>3B8BA75F19D9FBEB00996B9F</string>
			<key>isa</key>
			<string>PBXBuildFile</string>
		</dict>
		<key>3B8BA7D819D9FBEB00996B9F</key>
		<dict>
			<key>fileRef</key>
			<string>3B8BA76119D9FBEB00996B9F</string>
			<key>isa</key>
			<string>PBXBuildFile</string>
		</dict>
		<key>3B8BA7D919D9FBEB00996B9F</key>
		<dict>
			<key>fileRef</key>
			<string>3B8BA76319D9FBEB00996B9F</string>
			<key>isa</key>
			<string>PBXBuildFile</string>
		</dict>
		<key>3B8BA7DA19D9FBEB00996B9F</key>
		<dict>
			<key>fileRef</key>
			<string>3B8BA76519D9FBEB00996B9F</string>
			<key>isa</key>
			<string>PBXBuildFile</string>
		</dict>
		<key>3B8BA7DB19D9FBEB00996B9F</key>
		<dict>
			<key>fileRef</key>
			<string>3B8BA76719D9FBEB00996B9F</string>
			<key>isa</key>
			<string>PBXBuildFile</string>
		</dict>
		<key>3B8BA7DC19D9FBEB00996B9F</key>
		<dict>
			<key>fileRef</key>
			<string>3B8BA76B19D9FBEB00996B9F</string>
			<key>isa</key>
			<string>PBXBuildFile</string>
		</dict>
		<key>3B8BA7DD19D9FBEB00996B9F</key>
		<dict>
			<key>fileRef</key>
			<string>3B8BA76D19D9FBEB00996B9F</string>
			<key>isa</key>
			<string>PBXBuildFile</string>
		</dict>
		<key>3B8BA7DE19D9FBEB00996B9F</key>
		<dict>
			<key>fileRef</key>
			<string>3B8BA76F19D9FBEB00996B9F</string>
			<key>isa</key>
			<string>PBXBuildFile</string>
		</dict>
		<key>3B8BA7DF19D9FBEB00996B9F</key>
		<dict>
			<key>fileRef</key>
			<string>3B8BA77119D9FBEB00996B9F</string>
			<key>isa</key>
			<string>PBXBuildFile</string>
		</dict>
		<key>3B8BA7E019D9FBEB00996B9F</key>
		<dict>
			<key>fileRef</key>
			<string>3B8BA77319D9FBEB00996B9F</string>
			<key>isa</key>
			<string>PBXBuildFile</string>
		</dict>
		<key>3B8BA7E119D9FBEB00996B9F</key>
		<dict>
			<key>fileRef</key>
			<string>3B8BA77519D9FBEB00996B9F</string>
			<key>isa</key>
			<string>PBXBuildFile</string>
		</dict>
		<key>3B8BA7E219D9FBEB00996B9F</key>
		<dict>
			<key>fileRef</key>
			<string>3B8BA77719D9FBEB00996B9F</string>
			<key>isa</key>
			<string>PBXBuildFile</string>
		</dict>
		<key>3B8BA7E319D9FBEB00996B9F</key>
		<dict>
			<key>fileRef</key>
			<string>3B8BA77919D9FBEB00996B9F</string>
			<key>isa</key>
			<string>PBXBuildFile</string>
		</dict>
		<key>3B8BA7E419D9FBEB00996B9F</key>
		<dict>
			<key>fileRef</key>
			<string>3B8BA77B19D9FBEB00996B9F</string>
			<key>isa</key>
			<string>PBXBuildFile</string>
		</dict>
		<key>3B8BA7E519D9FBEB00996B9F</key>
		<dict>
			<key>fileRef</key>
			<string>3B8BA77D19D9FBEB00996B9F</string>
			<key>isa</key>
			<string>PBXBuildFile</string>
		</dict>
		<key>3B8BA7E619D9FBEB00996B9F</key>
		<dict>
			<key>fileRef</key>
			<string>3B8BA77F19D9FBEB00996B9F</string>
			<key>isa</key>
			<string>PBXBuildFile</string>
		</dict>
		<key>3B8BA7E719D9FBEB00996B9F</key>
		<dict>
			<key>fileRef</key>
			<string>3B8BA78219D9FBEB00996B9F</string>
			<key>isa</key>
			<string>PBXBuildFile</string>
		</dict>
		<key>3B8BA7E819D9FBEB00996B9F</key>
		<dict>
			<key>fileRef</key>
			<string>3B8BA78419D9FBEB00996B9F</string>
			<key>isa</key>
			<string>PBXBuildFile</string>
		</dict>
		<key>3B8BA7E919D9FBEB00996B9F</key>
		<dict>
			<key>fileRef</key>
			<string>3B8BA78619D9FBEB00996B9F</string>
			<key>isa</key>
			<string>PBXBuildFile</string>
		</dict>
		<key>3B8BA7EA19D9FBEB00996B9F</key>
		<dict>
			<key>fileRef</key>
			<string>3B8BA78819D9FBEB00996B9F</string>
			<key>isa</key>
			<string>PBXBuildFile</string>
		</dict>
		<key>3B8BA7EB19D9FBEB00996B9F</key>
		<dict>
			<key>fileRef</key>
			<string>3B8BA78A19D9FBEB00996B9F</string>
			<key>isa</key>
			<string>PBXBuildFile</string>
		</dict>
		<key>3B8BA7EC19D9FBEB00996B9F</key>
		<dict>
			<key>fileRef</key>
			<string>3B8BA78C19D9FBEB00996B9F</string>
			<key>isa</key>
			<string>PBXBuildFile</string>
		</dict>
		<key>3B8BA7ED19D9FBEB00996B9F</key>
		<dict>
			<key>fileRef</key>
			<string>3B8BA79019D9FBEB00996B9F</string>
			<key>isa</key>
			<string>PBXBuildFile</string>
		</dict>
		<key>3B8BA7EE19D9FBEB00996B9F</key>
		<dict>
			<key>fileRef</key>
			<string>3B8BA79219D9FBEB00996B9F</string>
			<key>isa</key>
			<string>PBXBuildFile</string>
		</dict>
		<key>3B8BA7EF19D9FBEB00996B9F</key>
		<dict>
			<key>fileRef</key>
			<string>3B8BA79419D9FBEB00996B9F</string>
			<key>isa</key>
			<string>PBXBuildFile</string>
		</dict>
		<key>3B8BA7F019D9FBEB00996B9F</key>
		<dict>
			<key>fileRef</key>
			<string>3B8BA79619D9FBEB00996B9F</string>
			<key>isa</key>
			<string>PBXBuildFile</string>
		</dict>
		<key>3B8BA7F119D9FBEB00996B9F</key>
		<dict>
			<key>fileRef</key>
			<string>3B8BA79819D9FBEB00996B9F</string>
			<key>isa</key>
			<string>PBXBuildFile</string>
		</dict>
		<key>3B8BA7F219D9FBEB00996B9F</key>
		<dict>
			<key>fileRef</key>
			<string>3B8BA79A19D9FBEB00996B9F</string>
			<key>isa</key>
			<string>PBXBuildFile</string>
		</dict>
		<key>3B8BA7F319D9FBEB00996B9F</key>
		<dict>
			<key>fileRef</key>
			<string>3B8BA79C19D9FBEB00996B9F</string>
			<key>isa</key>
			<string>PBXBuildFile</string>
		</dict>
		<key>3B8BA7F419D9FBEB00996B9F</key>
		<dict>
			<key>fileRef</key>
			<string>3B8BA79E19D9FBEB00996B9F</string>
			<key>isa</key>
			<string>PBXBuildFile</string>
		</dict>
		<key>3B8BA7F519D9FBEB00996B9F</key>
		<dict>
			<key>fileRef</key>
			<string>3B8BA7A019D9FBEB00996B9F</string>
			<key>isa</key>
			<string>PBXBuildFile</string>
		</dict>
		<key>3B8BA7F619D9FBEB00996B9F</key>
		<dict>
			<key>fileRef</key>
			<string>3B8BA7A219D9FBEB00996B9F</string>
			<key>isa</key>
			<string>PBXBuildFile</string>
		</dict>
		<key>3B8BA7F719D9FBEB00996B9F</key>
		<dict>
			<key>fileRef</key>
			<string>3B8BA7A419D9FBEB00996B9F</string>
			<key>isa</key>
			<string>PBXBuildFile</string>
		</dict>
		<key>3B8BA7F819D9FBEB00996B9F</key>
		<dict>
			<key>fileRef</key>
			<string>3B8BA7A619D9FBEB00996B9F</string>
			<key>isa</key>
			<string>PBXBuildFile</string>
		</dict>
		<key>3B8BA7F919D9FBEB00996B9F</key>
		<dict>
			<key>fileRef</key>
			<string>3B8BA7A819D9FBEB00996B9F</string>
			<key>isa</key>
			<string>PBXBuildFile</string>
		</dict>
		<key>3B8BA7FA19D9FBEB00996B9F</key>
		<dict>
			<key>fileRef</key>
			<string>3B8BA7AA19D9FBEB00996B9F</string>
			<key>isa</key>
			<string>PBXBuildFile</string>
		</dict>
		<key>3B8BA7FB19D9FBEB00996B9F</key>
		<dict>
			<key>fileRef</key>
			<string>3B8BA7AC19D9FBEB00996B9F</string>
			<key>isa</key>
			<string>PBXBuildFile</string>
		</dict>
		<key>3B8BA7FC19D9FBEB00996B9F</key>
		<dict>
			<key>fileRef</key>
			<string>3B8BA7AE19D9FBEB00996B9F</string>
			<key>isa</key>
			<string>PBXBuildFile</string>
		</dict>
		<key>3B8BA7FD19D9FBEB00996B9F</key>
		<dict>
			<key>fileRef</key>
			<string>3B8BA7B219D9FBEB00996B9F</string>
			<key>isa</key>
			<string>PBXBuildFile</string>
		</dict>
		<key>3B8BA7FE19D9FBEB00996B9F</key>
		<dict>
			<key>fileRef</key>
			<string>3B8BA7B419D9FBEB00996B9F</string>
			<key>isa</key>
			<string>PBXBuildFile</string>
		</dict>
		<key>3B8BA7FF19D9FBEB00996B9F</key>
		<dict>
			<key>fileRef</key>
			<string>3B8BA7B719D9FBEB00996B9F</string>
			<key>isa</key>
			<string>PBXBuildFile</string>
		</dict>
		<key>3B8BA80019D9FBEB00996B9F</key>
		<dict>
			<key>fileRef</key>
			<string>3B8BA7B919D9FBEB00996B9F</string>
			<key>isa</key>
			<string>PBXBuildFile</string>
		</dict>
		<key>3B8BA80119D9FBEB00996B9F</key>
		<dict>
			<key>fileRef</key>
			<string>3B8BA7BC19D9FBEB00996B9F</string>
			<key>isa</key>
			<string>PBXBuildFile</string>
		</dict>
		<key>3B8BA80219D9FBEB00996B9F</key>
		<dict>
			<key>fileRef</key>
			<string>3B8BA7BE19D9FBEB00996B9F</string>
			<key>isa</key>
			<string>PBXBuildFile</string>
		</dict>
		<key>3B8BA80319D9FBEB00996B9F</key>
		<dict>
			<key>fileRef</key>
			<string>3B8BA7C019D9FBEB00996B9F</string>
			<key>isa</key>
			<string>PBXBuildFile</string>
		</dict>
		<key>8AC21FFE94904AF4A5A75D93</key>
		<dict>
			<key>fileRef</key>
			<string>3748C53F01464830A2605981</string>
			<key>isa</key>
			<string>PBXBuildFile</string>
		</dict>
		<key>A05207EBD318D61DBCA7396F</key>
		<dict>
			<key>includeInIndex</key>
			<string>1</string>
			<key>isa</key>
			<string>PBXFileReference</string>
			<key>lastKnownFileType</key>
			<string>text.xcconfig</string>
			<key>name</key>
			<string>Pods.release.xcconfig</string>
			<key>path</key>
			<string>Pods/Target Support Files/Pods/Pods.release.xcconfig</string>
			<key>sourceTree</key>
			<string>&lt;group&gt;</string>
		</dict>
	</dict>
	<key>rootObject</key>
	<string>3B0A9D8E19D9E15B002848CD</string>
</dict>
</plist>
